
Microsoft Visual Studio Solution File, Format Version 10.00
# Visual Studio 2008
Project("{FAE04EC0-301F-11D3-BF4B-00C04F79EFBC}") = "ServiceStack.IntegrationTests.Host.Web", "ServiceStack.IntegrationTests.Host.Web\ServiceStack.IntegrationTests.Host.Web.csproj", "{3A8D2349-6E97-47A2-AC49-EFE7D89C0344}"
EndProject
Project("{FAE04EC0-301F-11D3-BF4B-00C04F79EFBC}") = "ServiceStack.IntegrationTests.ServiceInterface", "ServiceStack.IntegrationTests.ServiceInterface\ServiceStack.IntegrationTests.ServiceInterface.csproj", "{3114D29B-152C-4A9C-A6AB-BEE43F0F6191}"
EndProject
Project("{FAE04EC0-301F-11D3-BF4B-00C04F79EFBC}") = "ServiceStack.IntegrationTests.ServiceModel", "ServiceStack.IntegrationTests.ServiceModel\ServiceStack.IntegrationTests.ServiceModel.csproj", "{D8C24E17-CDB2-4E13-B5D7-F26A6815CF16}"
EndProject
Project("{FAE04EC0-301F-11D3-BF4B-00C04F79EFBC}") = "ServiceStack.IntegrationTests.ConsoleClient", "ServiceStack.IntegrationTests.ConsoleClient\ServiceStack.IntegrationTests.ConsoleClient.csproj", "{7705AA03-1BAF-4952-83C6-5B7F5C2549DF}"
EndProject
Project("{FAE04EC0-301F-11D3-BF4B-00C04F79EFBC}") = "RedisPerfTest", "RedisPerfTest\RedisPerfTest.csproj", "{BD927614-139E-48AE-8F0F-8124D6D0EECB}"
EndProject
Global
	GlobalSection(SolutionConfigurationPlatforms) = preSolution
		Debug|Any CPU = Debug|Any CPU
		MonoTouch|Any CPU = MonoTouch|Any CPU
		Release|Any CPU = Release|Any CPU
		STATIC_ONLY NO_EXPRESSIONS|Any CPU = STATIC_ONLY NO_EXPRESSIONS|Any CPU
	EndGlobalSection
	GlobalSection(ProjectConfigurationPlatforms) = postSolution
		{3A8D2349-6E97-47A2-AC49-EFE7D89C0344}.Debug|Any CPU.ActiveCfg = Debug|Any CPU
		{3A8D2349-6E97-47A2-AC49-EFE7D89C0344}.Debug|Any CPU.Build.0 = Debug|Any CPU
		{3A8D2349-6E97-47A2-AC49-EFE7D89C0344}.MonoTouch|Any CPU.ActiveCfg = Release|Any CPU
		{3A8D2349-6E97-47A2-AC49-EFE7D89C0344}.MonoTouch|Any CPU.Build.0 = Release|Any CPU
		{3A8D2349-6E97-47A2-AC49-EFE7D89C0344}.Release|Any CPU.ActiveCfg = Release|Any CPU
		{3A8D2349-6E97-47A2-AC49-EFE7D89C0344}.Release|Any CPU.Build.0 = Release|Any CPU
		{3A8D2349-6E97-47A2-AC49-EFE7D89C0344}.STATIC_ONLY NO_EXPRESSIONS|Any CPU.ActiveCfg = Release|Any CPU
		{3A8D2349-6E97-47A2-AC49-EFE7D89C0344}.STATIC_ONLY NO_EXPRESSIONS|Any CPU.Build.0 = Release|Any CPU
		{3114D29B-152C-4A9C-A6AB-BEE43F0F6191}.Debug|Any CPU.ActiveCfg = Debug|Any CPU
		{3114D29B-152C-4A9C-A6AB-BEE43F0F6191}.Debug|Any CPU.Build.0 = Debug|Any CPU
		{3114D29B-152C-4A9C-A6AB-BEE43F0F6191}.MonoTouch|Any CPU.ActiveCfg = Release|Any CPU
		{3114D29B-152C-4A9C-A6AB-BEE43F0F6191}.MonoTouch|Any CPU.Build.0 = Release|Any CPU
		{3114D29B-152C-4A9C-A6AB-BEE43F0F6191}.Release|Any CPU.ActiveCfg = Release|Any CPU
		{3114D29B-152C-4A9C-A6AB-BEE43F0F6191}.Release|Any CPU.Build.0 = Release|Any CPU
		{3114D29B-152C-4A9C-A6AB-BEE43F0F6191}.STATIC_ONLY NO_EXPRESSIONS|Any CPU.ActiveCfg = Release|Any CPU
		{3114D29B-152C-4A9C-A6AB-BEE43F0F6191}.STATIC_ONLY NO_EXPRESSIONS|Any CPU.Build.0 = Release|Any CPU
		{D8C24E17-CDB2-4E13-B5D7-F26A6815CF16}.Debug|Any CPU.ActiveCfg = Debug|Any CPU
		{D8C24E17-CDB2-4E13-B5D7-F26A6815CF16}.Debug|Any CPU.Build.0 = Debug|Any CPU
		{D8C24E17-CDB2-4E13-B5D7-F26A6815CF16}.MonoTouch|Any CPU.ActiveCfg = Release|Any CPU
		{D8C24E17-CDB2-4E13-B5D7-F26A6815CF16}.MonoTouch|Any CPU.Build.0 = Release|Any CPU
		{D8C24E17-CDB2-4E13-B5D7-F26A6815CF16}.Release|Any CPU.ActiveCfg = Release|Any CPU
		{D8C24E17-CDB2-4E13-B5D7-F26A6815CF16}.Release|Any CPU.Build.0 = Release|Any CPU
		{D8C24E17-CDB2-4E13-B5D7-F26A6815CF16}.STATIC_ONLY NO_EXPRESSIONS|Any CPU.ActiveCfg = Release|Any CPU
		{D8C24E17-CDB2-4E13-B5D7-F26A6815CF16}.STATIC_ONLY NO_EXPRESSIONS|Any CPU.Build.0 = Release|Any CPU
		{7705AA03-1BAF-4952-83C6-5B7F5C2549DF}.Debug|Any CPU.ActiveCfg = Debug|Any CPU
		{7705AA03-1BAF-4952-83C6-5B7F5C2549DF}.Debug|Any CPU.Build.0 = Debug|Any CPU
		{7705AA03-1BAF-4952-83C6-5B7F5C2549DF}.MonoTouch|Any CPU.ActiveCfg = Release|Any CPU
		{7705AA03-1BAF-4952-83C6-5B7F5C2549DF}.MonoTouch|Any CPU.Build.0 = Release|Any CPU
		{7705AA03-1BAF-4952-83C6-5B7F5C2549DF}.Release|Any CPU.ActiveCfg = Release|Any CPU
		{7705AA03-1BAF-4952-83C6-5B7F5C2549DF}.Release|Any CPU.Build.0 = Release|Any CPU
		{7705AA03-1BAF-4952-83C6-5B7F5C2549DF}.STATIC_ONLY NO_EXPRESSIONS|Any CPU.ActiveCfg = Release|Any CPU
		{7705AA03-1BAF-4952-83C6-5B7F5C2549DF}.STATIC_ONLY NO_EXPRESSIONS|Any CPU.Build.0 = Release|Any CPU
		{BD927614-139E-48AE-8F0F-8124D6D0EECB}.Debug|Any CPU.ActiveCfg = Debug|Any CPU
		{BD927614-139E-48AE-8F0F-8124D6D0EECB}.Debug|Any CPU.Build.0 = Debug|Any CPU
		{BD927614-139E-48AE-8F0F-8124D6D0EECB}.MonoTouch|Any CPU.ActiveCfg = Release|Any CPU
		{BD927614-139E-48AE-8F0F-8124D6D0EECB}.MonoTouch|Any CPU.Build.0 = Release|Any CPU
		{BD927614-139E-48AE-8F0F-8124D6D0EECB}.Release|Any CPU.ActiveCfg = Release|Any CPU
		{BD927614-139E-48AE-8F0F-8124D6D0EECB}.Release|Any CPU.Build.0 = Release|Any CPU
		{BD927614-139E-48AE-8F0F-8124D6D0EECB}.STATIC_ONLY NO_EXPRESSIONS|Any CPU.ActiveCfg = Release|Any CPU
		{BD927614-139E-48AE-8F0F-8124D6D0EECB}.STATIC_ONLY NO_EXPRESSIONS|Any CPU.Build.0 = Release|Any CPU
	EndGlobalSection
	GlobalSection(SolutionProperties) = preSolution
		HideSolutionNode = FALSE
	EndGlobalSection
EndGlobal
