
Microsoft Visual Studio Solution File, Format Version 10.00
# Visual Studio 2008
Project("{FAE04EC0-301F-11D3-BF4B-00C04F79EFBC}") = "Standalone.Redis.ConsoleApp", "Standalone.Redis.ConsoleApp\Standalone.Redis.ConsoleApp.csproj", "{DDDF1C9A-6B51-4600-A3BB-4630967709CF}"
EndProject
Global
	GlobalSection(SolutionConfigurationPlatforms) = preSolution
		Debug|Any CPU = Debug|Any CPU
		Release|Any CPU = Release|Any CPU
	EndGlobalSection
	GlobalSection(ProjectConfigurationPlatforms) = postSolution
		{DDDF1C9A-6B51-4600-A3BB-4630967709CF}.Debug|Any CPU.ActiveCfg = Debug|Any CPU
		{DDDF1C9A-6B51-4600-A3BB-4630967709CF}.Debug|Any CPU.Build.0 = Debug|Any CPU
		{DDDF1C9A-6B51-4600-A3BB-4630967709CF}.Release|Any CPU.ActiveCfg = Release|Any CPU
		{DDDF1C9A-6B51-4600-A3BB-4630967709CF}.Release|Any CPU.Build.0 = Release|Any CPU
	EndGlobalSection
	GlobalSection(SolutionProperties) = preSolution
		HideSolutionNode = FALSE
	EndGlobalSection
EndGlobal
