{
  "name": "highlight",
  "lockfileVersion": 3,
  "requires": true,
  "packages": {
    "": {
      "dependencies": {
        "highlight.js": "^11.11.1"
      }
    },
    "node_modules/highlight.js": {
      "version": "11.11.1",
      "resolved": "https://registry.npmjs.org/highlight.js/-/highlight.js-11.11.1.tgz",
      "integrity": "sha512-Xwwo44whKBVCYoliBQwaPvtd/2tYFkRQtXDWj1nackaV2JPXx3L0+Jvd8/qCJ2p+ML0/XVkJ2q+Mr+UVdpJK5w==",
      "license": "BSD-3-Clause",
      "engines": {
        "node": ">=12.0.0"
      }
    }
  }
}
