
Microsoft Visual Studio Solution File, Format Version 11.00
# Visual Studio 2010
Project("{FAE04EC0-301F-11D3-BF4B-00C04F79EFBC}") = "ServiceStack.Common.MonoTouch", "ServiceStack.Common.MonoTouch\ServiceStack.Common.MonoTouch.csproj", "{105AD659-A41C-4063-A57B-E3EB31026445}"
EndProject
Project("{FAE04EC0-301F-11D3-BF4B-00C04F79EFBC}") = "ServiceStack.Interfaces.MonoTouch", "ServiceStack.Interfaces.MonoTouch\ServiceStack.Interfaces.MonoTouch.csproj", "{4E0544B6-8D34-45D2-AB27-605F51BF4C55}"
EndProject
Project("{FAE04EC0-301F-11D3-BF4B-00C04F79EFBC}") = "ServiceStack.Text.MonoTouch", "..\..\..\ServiceStack.Text\src\ServiceStack.Text.MonoTouch\ServiceStack.Text.MonoTouch\ServiceStack.Text.MonoTouch.csproj", "{1137B5AC-2259-413C-A473-93721D2A7551}"
EndProject
Global
	GlobalSection(SolutionConfigurationPlatforms) = preSolution
		Debug|Any CPU = Debug|Any CPU
		Release|Any CPU = Release|Any CPU
	EndGlobalSection
	GlobalSection(ProjectConfigurationPlatforms) = postSolution
		{105AD659-A41C-4063-A57B-E3EB31026445}.Debug|Any CPU.ActiveCfg = Debug|Any CPU
		{105AD659-A41C-4063-A57B-E3EB31026445}.Debug|Any CPU.Build.0 = Debug|Any CPU
		{105AD659-A41C-4063-A57B-E3EB31026445}.Release|Any CPU.ActiveCfg = Release|Any CPU
		{105AD659-A41C-4063-A57B-E3EB31026445}.Release|Any CPU.Build.0 = Release|Any CPU
		{1137B5AC-2259-413C-A473-93721D2A7551}.Debug|Any CPU.ActiveCfg = Debug|Any CPU
		{1137B5AC-2259-413C-A473-93721D2A7551}.Debug|Any CPU.Build.0 = Debug|Any CPU
		{1137B5AC-2259-413C-A473-93721D2A7551}.Release|Any CPU.ActiveCfg = Release|Any CPU
		{1137B5AC-2259-413C-A473-93721D2A7551}.Release|Any CPU.Build.0 = Release|Any CPU
		{4E0544B6-8D34-45D2-AB27-605F51BF4C55}.Debug|Any CPU.ActiveCfg = Debug|Any CPU
		{4E0544B6-8D34-45D2-AB27-605F51BF4C55}.Debug|Any CPU.Build.0 = Debug|Any CPU
		{4E0544B6-8D34-45D2-AB27-605F51BF4C55}.Release|Any CPU.ActiveCfg = Release|Any CPU
		{4E0544B6-8D34-45D2-AB27-605F51BF4C55}.Release|Any CPU.Build.0 = Release|Any CPU
	EndGlobalSection
	GlobalSection(MonoDevelopProperties) = preSolution
		StartupItem = ServiceStack.Common.MonoTouch\ServiceStack.Common.MonoTouch.csproj
	EndGlobalSection
EndGlobal
