
Microsoft Visual Studio Solution File, Format Version 10.00
# Visual Studio 2008
Project("{FAE04EC0-301F-11D3-BF4B-00C04F79EFBC}") = "Standalone.TypeSerializer.ConsoleApp", "Standalone.TypeSerializer.ConsoleApp\Standalone.TypeSerializer.ConsoleApp.csproj", "{F3002320-D56A-4A4E-83C0-E293B8EAB8C0}"
EndProject
Project("{FAE04EC0-301F-11D3-BF4B-00C04F79EFBC}") = "Standalone.Redis.ConsoleApp", "..\Standalone.Redis.ConsoleApp\Standalone.Redis.ConsoleApp\Standalone.Redis.ConsoleApp.csproj", "{DDDF1C9A-6B51-4600-A3BB-4630967709CF}"
EndProject
Global
	GlobalSection(SolutionConfigurationPlatforms) = preSolution
		Debug|Any CPU = Debug|Any CPU
		Release|Any CPU = Release|Any CPU
	EndGlobalSection
	GlobalSection(ProjectConfigurationPlatforms) = postSolution
		{F3002320-D56A-4A4E-83C0-E293B8EAB8C0}.Debug|Any CPU.ActiveCfg = Debug|Any CPU
		{F3002320-D56A-4A4E-83C0-E293B8EAB8C0}.Debug|Any CPU.Build.0 = Debug|Any CPU
		{F3002320-D56A-4A4E-83C0-E293B8EAB8C0}.Release|Any CPU.ActiveCfg = Release|Any CPU
		{F3002320-D56A-4A4E-83C0-E293B8EAB8C0}.Release|Any CPU.Build.0 = Release|Any CPU
		{DDDF1C9A-6B51-4600-A3BB-4630967709CF}.Debug|Any CPU.ActiveCfg = Debug|Any CPU
		{DDDF1C9A-6B51-4600-A3BB-4630967709CF}.Debug|Any CPU.Build.0 = Debug|Any CPU
		{DDDF1C9A-6B51-4600-A3BB-4630967709CF}.Release|Any CPU.ActiveCfg = Release|Any CPU
		{DDDF1C9A-6B51-4600-A3BB-4630967709CF}.Release|Any CPU.Build.0 = Release|Any CPU
	EndGlobalSection
	GlobalSection(SolutionProperties) = preSolution
		HideSolutionNode = FALSE
	EndGlobalSection
EndGlobal
