{
  "name": "my-app",
  "version": "1.0.0",
  "lockfileVersion": 2,
  "requires": true,
  "packages": {
    "": {
      "name": "my-app",
      "version": "1.0.0",
      "dependencies": {
        "@servicestack/client": "^1.1.13"
      }
    },
    "node_modules/@servicestack/client": {
      "version": "1.1.13",
      "resolved": "https://registry.npmjs.org/@servicestack/client/-/client-1.1.13.tgz",
      "integrity": "sha512-TLHfV0PYri7pp+RUsmGGtQvF7bZNk+vYHBDur7gK+JxlrZiUK0E5boxYfGdAaLCjxKqyia92vYEbCuMFfKJhjw==",
      "dependencies": {
        "cross-fetch": "^3.1.4",
        "es6-shim": "^0.35.6",
        "eventsource": "^1.1.0"
      }
    },
    "node_modules/cross-fetch": {
      "version": "3.1.4",
      "resolved": "https://registry.npmjs.org/cross-fetch/-/cross-fetch-3.1.4.tgz",
      "integrity": "sha512-1eAtFWdIubi6T4XPy6ei9iUFoKpUkIF971QLN8lIvvvwueI65+Nw5haMNKUwfJxabqlIIDODJKGrQ66gxC0PbQ==",
      "dependencies": {
        "node-fetch": "2.6.1"
      }
    },
    "node_modules/es6-shim": {
      "version": "0.35.6",
      "resolved": "https://registry.npmjs.org/es6-shim/-/es6-shim-0.35.6.tgz",
      "integrity": "sha512-EmTr31wppcaIAgblChZiuN/l9Y7DPyw8Xtbg7fIVngn6zMW+IEBJDJngeKC3x6wr0V/vcA2wqeFnaw1bFJbDdA=="
    },
    "node_modules/eventsource": {
      "version": "1.1.0",
      "resolved": "https://registry.npmjs.org/eventsource/-/eventsource-1.1.0.tgz",
      "integrity": "sha512-VSJjT5oCNrFvCS6igjzPAt5hBzQ2qPBFIbJ03zLI9SE0mxwZpMw6BfJrbFHm1a141AavMEB8JHmBhWAd66PfCg==",
      "dependencies": {
        "original": "^1.0.0"
      },
      "engines": {
        "node": ">=0.12.0"
      }
    },
    "node_modules/node-fetch": {
      "version": "2.6.1",
      "resolved": "https://registry.npmjs.org/node-fetch/-/node-fetch-2.6.1.tgz",
      "integrity": "sha512-V4aYg89jEoVRxRb2fJdAg8FHvI7cEyYdVAh94HH0UIK8oJxUfkjlDQN9RbMx+bEjP7+ggMiFRprSti032Oipxw==",
      "engines": {
        "node": "4.x || >=6.0.0"
      }
    },
    "node_modules/original": {
      "version": "1.0.2",
      "resolved": "https://registry.npmjs.org/original/-/original-1.0.2.tgz",
      "integrity": "sha512-hyBVl6iqqUOJ8FqRe+l/gS8H+kKYjrEndd5Pm1MfBtsEKA038HkkdbAl/72EAXGyonD/PFsvmVG+EvcIpliMBg==",
      "dependencies": {
        "url-parse": "^1.4.3"
      }
    },
    "node_modules/querystringify": {
      "version": "2.2.0",
      "resolved": "https://registry.npmjs.org/querystringify/-/querystringify-2.2.0.tgz",
      "integrity": "sha512-FIqgj2EUvTa7R50u0rGsyTftzjYmv/a3hO345bZNrqabNqjtgiDMgmo4mkUjd+nzU5oF3dClKqFIPUKybUyqoQ=="
    },
    "node_modules/requires-port": {
      "version": "1.0.0",
      "resolved": "https://registry.npmjs.org/requires-port/-/requires-port-1.0.0.tgz",
      "integrity": "sha1-kl0mAdOaxIXgkc8NpcbmlNw9yv8="
    },
    "node_modules/url-parse": {
      "version": "1.5.4",
      "resolved": "https://registry.npmjs.org/url-parse/-/url-parse-1.5.4.tgz",
      "integrity": "sha512-ITeAByWWoqutFClc/lRZnFplgXgEZr3WJ6XngMM/N9DMIm4K8zXPCZ1Jdu0rERwO84w1WC5wkle2ubwTA4NTBg==",
      "dependencies": {
        "querystringify": "^2.1.1",
        "requires-port": "^1.0.0"
      }
    }
  },
  "dependencies": {
    "@servicestack/client": {
      "version": "1.1.13",
      "resolved": "https://registry.npmjs.org/@servicestack/client/-/client-1.1.13.tgz",
      "integrity": "sha512-TLHfV0PYri7pp+RUsmGGtQvF7bZNk+vYHBDur7gK+JxlrZiUK0E5boxYfGdAaLCjxKqyia92vYEbCuMFfKJhjw==",
      "requires": {
        "cross-fetch": "^3.1.4",
        "es6-shim": "^0.35.6",
        "eventsource": "^1.1.0"
      }
    },
    "cross-fetch": {
      "version": "3.1.4",
      "resolved": "https://registry.npmjs.org/cross-fetch/-/cross-fetch-3.1.4.tgz",
      "integrity": "sha512-1eAtFWdIubi6T4XPy6ei9iUFoKpUkIF971QLN8lIvvvwueI65+Nw5haMNKUwfJxabqlIIDODJKGrQ66gxC0PbQ==",
      "requires": {
        "node-fetch": "2.6.1"
      }
    },
    "es6-shim": {
      "version": "0.35.6",
      "resolved": "https://registry.npmjs.org/es6-shim/-/es6-shim-0.35.6.tgz",
      "integrity": "sha512-EmTr31wppcaIAgblChZiuN/l9Y7DPyw8Xtbg7fIVngn6zMW+IEBJDJngeKC3x6wr0V/vcA2wqeFnaw1bFJbDdA=="
    },
    "eventsource": {
      "version": "1.1.0",
      "resolved": "https://registry.npmjs.org/eventsource/-/eventsource-1.1.0.tgz",
      "integrity": "sha512-VSJjT5oCNrFvCS6igjzPAt5hBzQ2qPBFIbJ03zLI9SE0mxwZpMw6BfJrbFHm1a141AavMEB8JHmBhWAd66PfCg==",
      "requires": {
        "original": "^1.0.0"
      }
    },
    "node-fetch": {
      "version": "2.6.1",
      "resolved": "https://registry.npmjs.org/node-fetch/-/node-fetch-2.6.1.tgz",
      "integrity": "sha512-V4aYg89jEoVRxRb2fJdAg8FHvI7cEyYdVAh94HH0UIK8oJxUfkjlDQN9RbMx+bEjP7+ggMiFRprSti032Oipxw=="
    },
    "original": {
      "version": "1.0.2",
      "resolved": "https://registry.npmjs.org/original/-/original-1.0.2.tgz",
      "integrity": "sha512-hyBVl6iqqUOJ8FqRe+l/gS8H+kKYjrEndd5Pm1MfBtsEKA038HkkdbAl/72EAXGyonD/PFsvmVG+EvcIpliMBg==",
      "requires": {
        "url-parse": "^1.4.3"
      }
    },
    "querystringify": {
      "version": "2.2.0",
      "resolved": "https://registry.npmjs.org/querystringify/-/querystringify-2.2.0.tgz",
      "integrity": "sha512-FIqgj2EUvTa7R50u0rGsyTftzjYmv/a3hO345bZNrqabNqjtgiDMgmo4mkUjd+nzU5oF3dClKqFIPUKybUyqoQ=="
    },
    "requires-port": {
      "version": "1.0.0",
      "resolved": "https://registry.npmjs.org/requires-port/-/requires-port-1.0.0.tgz",
      "integrity": "sha1-kl0mAdOaxIXgkc8NpcbmlNw9yv8="
    },
    "url-parse": {
      "version": "1.5.4",
      "resolved": "https://registry.npmjs.org/url-parse/-/url-parse-1.5.4.tgz",
      "integrity": "sha512-ITeAByWWoqutFClc/lRZnFplgXgEZr3WJ6XngMM/N9DMIm4K8zXPCZ1Jdu0rERwO84w1WC5wkle2ubwTA4NTBg==",
      "requires": {
        "querystringify": "^2.1.1",
        "requires-port": "^1.0.0"
      }
    }
  }
}
