
Microsoft Visual Studio Solution File, Format Version 12.00
# Visual Studio 15
VisualStudioVersion = 15.0.27004.2009
MinimumVisualStudioVersion = 10.0.40219.1
Project("{2150E333-8FDC-42A3-9474-1A3956D46DE8}") = "Build", "Build", "{F7FB50ED-EAFF-4839-935A-5BB4A4158245}"
	ProjectSection(SolutionItems) = preProject
		..\build\build.bat = ..\build\build.bat
		..\build\build.proj = ..\build\build.proj
		..\build\build.tasks = ..\build\build.tasks
		..\README.md = ..\README.md
		Directory.Build.props = Directory.Build.props
		ServiceStack.Text\ServiceStack.Text.Core.csproj = ServiceStack.Text\ServiceStack.Text.Core.csproj
		..\build\build-core.proj = ..\build\build-core.proj
		..\tests\Directory.Build.props = ..\tests\Directory.Build.props
	EndProjectSection
EndProject
Project("{9A19103F-16F7-4668-BE54-9A1E7A4F7556}") = "ServiceStack.Text", "ServiceStack.Text\ServiceStack.Text.csproj", "{579B3FDB-CDAD-44E1-8417-885C38E49A0E}"
EndProject
Project("{9A19103F-16F7-4668-BE54-9A1E7A4F7556}") = "ServiceStack.Text.Tests", "..\tests\ServiceStack.Text.Tests\ServiceStack.Text.Tests.csproj", "{9770BD40-AA3B-4785-B5E0-F4C470F9F14E}"
EndProject
Project("{9A19103F-16F7-4668-BE54-9A1E7A4F7556}") = "ServiceStack.Text.TestsConsole", "..\tests\ServiceStack.Text.TestsConsole\ServiceStack.Text.TestsConsole.csproj", "{DD3BEB33-2509-423A-8545-CE1A83684530}"
EndProject
Project("{FAE04EC0-301F-11D3-BF4B-00C04F79EFBC}") = "ServiceStack.Text.Benchmarks", "..\tests\ServiceStack.Text.Benchmarks\ServiceStack.Text.Benchmarks.csproj", "{FF1E5617-FD95-496F-B591-17DA6E0B364F}"
EndProject
Project("{FAE04EC0-301F-11D3-BF4B-00C04F79EFBC}") = "Northwind.Common", "..\tests\Northwind.Common\Northwind.Common.csproj", "{573926E5-F332-462D-A740-31706708A032}"
EndProject
Project("{2150E333-8FDC-42A3-9474-1A3956D46DE8}") = "Source", "Source", "{7F04B10B-46D4-4A67-93FE-E5AF6F25D3CB}"
EndProject
Project("{FAE04EC0-301F-11D3-BF4B-00C04F79EFBC}") = "ServiceStack.Interfaces", "..\..\ServiceStack\src\ServiceStack.Interfaces\ServiceStack.Interfaces.csproj", "{7782B75D-F15D-429E-A268-7EB6D275A501}"
EndProject
Project("{FAE04EC0-301F-11D3-BF4B-00C04F79EFBC}") = "ServiceStack.Client", "..\..\ServiceStack\src\ServiceStack.Client\ServiceStack.Client.csproj", "{90E59F39-224E-4975-ABA1-AE341D8E8F85}"
EndProject
Project("{FAE04EC0-301F-11D3-BF4B-00C04F79EFBC}") = "ServiceStack.Common", "..\..\ServiceStack\src\ServiceStack.Common\ServiceStack.Common.csproj", "{B92CF4DE-9420-4467-B234-E86798B4A54C}"
EndProject
Project("{FAE04EC0-301F-11D3-BF4B-00C04F79EFBC}") = "ServiceStack", "..\..\ServiceStack\src\ServiceStack\ServiceStack.csproj", "{6E4A8A83-48A7-4F09-BC23-36C5CF7163C7}"
EndProject
Global
	GlobalSection(SolutionConfigurationPlatforms) = preSolution
		Debug|Any CPU = Debug|Any CPU
		Release|Any CPU = Release|Any CPU
	EndGlobalSection
	GlobalSection(ProjectConfigurationPlatforms) = postSolution
		{579B3FDB-CDAD-44E1-8417-885C38E49A0E}.Debug|Any CPU.ActiveCfg = Debug|Any CPU
		{579B3FDB-CDAD-44E1-8417-885C38E49A0E}.Debug|Any CPU.Build.0 = Debug|Any CPU
		{579B3FDB-CDAD-44E1-8417-885C38E49A0E}.Release|Any CPU.ActiveCfg = Release|Any CPU
		{579B3FDB-CDAD-44E1-8417-885C38E49A0E}.Release|Any CPU.Build.0 = Release|Any CPU
		{9770BD40-AA3B-4785-B5E0-F4C470F9F14E}.Debug|Any CPU.ActiveCfg = Debug|Any CPU
		{9770BD40-AA3B-4785-B5E0-F4C470F9F14E}.Debug|Any CPU.Build.0 = Debug|Any CPU
		{9770BD40-AA3B-4785-B5E0-F4C470F9F14E}.Release|Any CPU.ActiveCfg = Release|Any CPU
		{9770BD40-AA3B-4785-B5E0-F4C470F9F14E}.Release|Any CPU.Build.0 = Release|Any CPU
		{DD3BEB33-2509-423A-8545-CE1A83684530}.Debug|Any CPU.ActiveCfg = Debug|Any CPU
		{DD3BEB33-2509-423A-8545-CE1A83684530}.Debug|Any CPU.Build.0 = Debug|Any CPU
		{DD3BEB33-2509-423A-8545-CE1A83684530}.Release|Any CPU.ActiveCfg = Release|Any CPU
		{DD3BEB33-2509-423A-8545-CE1A83684530}.Release|Any CPU.Build.0 = Release|Any CPU
		{FF1E5617-FD95-496F-B591-17DA6E0B364F}.Debug|Any CPU.ActiveCfg = Debug|Any CPU
		{FF1E5617-FD95-496F-B591-17DA6E0B364F}.Debug|Any CPU.Build.0 = Debug|Any CPU
		{FF1E5617-FD95-496F-B591-17DA6E0B364F}.Release|Any CPU.ActiveCfg = Release|Any CPU
		{FF1E5617-FD95-496F-B591-17DA6E0B364F}.Release|Any CPU.Build.0 = Release|Any CPU
		{573926E5-F332-462D-A740-31706708A032}.Debug|Any CPU.ActiveCfg = Debug|Any CPU
		{573926E5-F332-462D-A740-31706708A032}.Release|Any CPU.ActiveCfg = Release|Any CPU
		{573926E5-F332-462D-A740-31706708A032}.Release|Any CPU.Build.0 = Release|Any CPU
		{7782B75D-F15D-429E-A268-7EB6D275A501}.Debug|Any CPU.ActiveCfg = Debug|Any CPU
		{7782B75D-F15D-429E-A268-7EB6D275A501}.Debug|Any CPU.Build.0 = Debug|Any CPU
		{7782B75D-F15D-429E-A268-7EB6D275A501}.Release|Any CPU.ActiveCfg = Release|Any CPU
		{7782B75D-F15D-429E-A268-7EB6D275A501}.Release|Any CPU.Build.0 = Release|Any CPU
		{90E59F39-224E-4975-ABA1-AE341D8E8F85}.Debug|Any CPU.ActiveCfg = Debug|Any CPU
		{90E59F39-224E-4975-ABA1-AE341D8E8F85}.Debug|Any CPU.Build.0 = Debug|Any CPU
		{90E59F39-224E-4975-ABA1-AE341D8E8F85}.Release|Any CPU.ActiveCfg = Release|Any CPU
		{90E59F39-224E-4975-ABA1-AE341D8E8F85}.Release|Any CPU.Build.0 = Release|Any CPU
		{B92CF4DE-9420-4467-B234-E86798B4A54C}.Debug|Any CPU.ActiveCfg = Debug|Any CPU
		{B92CF4DE-9420-4467-B234-E86798B4A54C}.Debug|Any CPU.Build.0 = Debug|Any CPU
		{B92CF4DE-9420-4467-B234-E86798B4A54C}.Release|Any CPU.ActiveCfg = Release|Any CPU
		{B92CF4DE-9420-4467-B234-E86798B4A54C}.Release|Any CPU.Build.0 = Release|Any CPU
		{6E4A8A83-48A7-4F09-BC23-36C5CF7163C7}.Debug|Any CPU.ActiveCfg = Debug|Any CPU
		{6E4A8A83-48A7-4F09-BC23-36C5CF7163C7}.Debug|Any CPU.Build.0 = Debug|Any CPU
		{6E4A8A83-48A7-4F09-BC23-36C5CF7163C7}.Release|Any CPU.ActiveCfg = Release|Any CPU
		{6E4A8A83-48A7-4F09-BC23-36C5CF7163C7}.Release|Any CPU.Build.0 = Release|Any CPU
	EndGlobalSection
	GlobalSection(SolutionProperties) = preSolution
		HideSolutionNode = FALSE
	EndGlobalSection
	GlobalSection(ExtensibilityGlobals) = postSolution
		SolutionGuid = {850F0B33-9062-4EE4-9C6D-4200AFA546D6}
	EndGlobalSection
	GlobalSection(MonoDevelopProperties) = preSolution
		StartupItem = ServiceStack.Text\ServiceStack.Text.csproj
		Policies = $0
		$0.DotNetNamingPolicy = $1
		$1.DirectoryNamespaceAssociation = None
		$1.ResourceNamePolicy = FileFormatDefault
		$0.StandardHeader = $2
		$2.IncludeInNewFiles = True
	EndGlobalSection
	GlobalSection(NestedProjects) = preSolution
		{7782B75D-F15D-429E-A268-7EB6D275A501} = {7F04B10B-46D4-4A67-93FE-E5AF6F25D3CB}
		{90E59F39-224E-4975-ABA1-AE341D8E8F85} = {7F04B10B-46D4-4A67-93FE-E5AF6F25D3CB}
		{B92CF4DE-9420-4467-B234-E86798B4A54C} = {7F04B10B-46D4-4A67-93FE-E5AF6F25D3CB}
		{6E4A8A83-48A7-4F09-BC23-36C5CF7163C7} = {7F04B10B-46D4-4A67-93FE-E5AF6F25D3CB}
	EndGlobalSection
EndGlobal
