
Microsoft Visual Studio Solution File, Format Version 12.00
# Visual Studio 14
VisualStudioVersion = 14.0.25420.1
MinimumVisualStudioVersion = 10.0.40219.1
Project("{FAE04EC0-301F-11D3-BF4B-00C04F79EFBC}") = "ServiceStack.Signed", "ServiceStack\ServiceStack.Signed.csproj", "{680A1709-25EB-4D52-A87F-EE03FFD94BAA}"
	ProjectSection(ProjectDependencies) = postProject
		{579B3FDB-CDAD-44E1-8417-885C38E49A0E} = {579B3FDB-CDAD-44E1-8417-885C38E49A0E}
	EndProjectSection
EndProject
Project("{FAE04EC0-301F-11D3-BF4B-00C04F79EFBC}") = "ServiceStack.Client.Signed", "ServiceStack.Client\ServiceStack.Client.Signed.csproj", "{C43F583F-ABDE-4DD4-BBE3-66322817A6AD}"
	ProjectSection(ProjectDependencies) = postProject
		{579B3FDB-CDAD-44E1-8417-885C38E49A0E} = {579B3FDB-CDAD-44E1-8417-885C38E49A0E}
	EndProjectSection
EndProject
Project("{FAE04EC0-301F-11D3-BF4B-00C04F79EFBC}") = "ServiceStack.Common.Signed", "ServiceStack.Common\ServiceStack.Common.Signed.csproj", "{982416DB-C143-4028-A0C3-CF41892D18D3}"
	ProjectSection(ProjectDependencies) = postProject
		{579B3FDB-CDAD-44E1-8417-885C38E49A0E} = {579B3FDB-CDAD-44E1-8417-885C38E49A0E}
	EndProjectSection
EndProject
Project("{FAE04EC0-301F-11D3-BF4B-00C04F79EFBC}") = "ServiceStack.Server.Signed", "ServiceStack.Server\ServiceStack.Server.Signed.csproj", "{5A315F92-80D2-4C60-A5A4-22E027AC7E7E}"
	ProjectSection(ProjectDependencies) = postProject
		{AF99F19B-4C04-4F58-81EF-B092F1FCC540} = {AF99F19B-4C04-4F58-81EF-B092F1FCC540}
		{96179AC6-F6F1-40C3-9FDD-4F6582F54C5C} = {96179AC6-F6F1-40C3-9FDD-4F6582F54C5C}
		{579B3FDB-CDAD-44E1-8417-885C38E49A0E} = {579B3FDB-CDAD-44E1-8417-885C38E49A0E}
	EndProjectSection
EndProject
Project("{FAE04EC0-301F-11D3-BF4B-00C04F79EFBC}") = "ServiceStack.Text.Signed", "..\..\ServiceStack.Text\src\ServiceStack.Text\ServiceStack.Text.Signed.csproj", "{579B3FDB-CDAD-44E1-8417-885C38E49A0E}"
EndProject
Project("{FAE04EC0-301F-11D3-BF4B-00C04F79EFBC}") = "ServiceStack.Redis.Signed", "..\..\ServiceStack.Redis\src\ServiceStack.Redis\ServiceStack.Redis.Signed.csproj", "{AF99F19B-4C04-4F58-81EF-B092F1FCC540}"
	ProjectSection(ProjectDependencies) = postProject
		{982416DB-C143-4028-A0C3-CF41892D18D3} = {982416DB-C143-4028-A0C3-CF41892D18D3}
		{579B3FDB-CDAD-44E1-8417-885C38E49A0E} = {579B3FDB-CDAD-44E1-8417-885C38E49A0E}
	EndProjectSection
EndProject
Project("{FAE04EC0-301F-11D3-BF4B-00C04F79EFBC}") = "ServiceStack.OrmLite.Signed", "..\..\ServiceStack.OrmLite\src\ServiceStack.OrmLite\ServiceStack.OrmLite.Signed.csproj", "{96179AC6-F6F1-40C3-9FDD-4F6582F54C5C}"
	ProjectSection(ProjectDependencies) = postProject
		{982416DB-C143-4028-A0C3-CF41892D18D3} = {982416DB-C143-4028-A0C3-CF41892D18D3}
		{579B3FDB-CDAD-44E1-8417-885C38E49A0E} = {579B3FDB-CDAD-44E1-8417-885C38E49A0E}
	EndProjectSection
EndProject
Project("{FAE04EC0-301F-11D3-BF4B-00C04F79EFBC}") = "ServiceStack.OrmLite.SqlServer.Signed", "..\..\ServiceStack.OrmLite\src\ServiceStack.OrmLite.SqlServer\ServiceStack.OrmLite.SqlServer.Signed.csproj", "{1887DC99-9139-43E3-A7AA-6D74714B3A5D}"
EndProject
Project("{2150E333-8FDC-42A3-9474-1A3956D46DE8}") = "build", "build", "{369EF365-4822-4823-A050-6F6950046E84}"
	ProjectSection(SolutionItems) = preProject
		..\build\copy-sn.bat = ..\build\copy-sn.bat
	EndProjectSection
EndProject
Project("{FAE04EC0-301F-11D3-BF4B-00C04F79EFBC}") = "ServiceStack.OrmLite.SqlServer.Converters.Signed", "..\..\ServiceStack.OrmLite\src\ServiceStack.OrmLite.SqlServer.Converters\ServiceStack.OrmLite.SqlServer.Converters.Signed.csproj", "{7E9BB57B-53E3-425E-9882-B6E078C5C9BA}"
EndProject
Project("{FAE04EC0-301F-11D3-BF4B-00C04F79EFBC}") = "ServiceStack.Aws.Signed", "..\..\ServiceStack.Aws\src\ServiceStack.Aws\ServiceStack.Aws.Signed.csproj", "{EC090B85-E208-4B4E-AE19-BBFEF51E4560}"
EndProject
Project("{FAE04EC0-301F-11D3-BF4B-00C04F79EFBC}") = "ServiceStack.Admin.Signed", "..\..\Admin\src\ServiceStack.Admin\ServiceStack.Admin.Signed.csproj", "{C6EB693E-64D1-4271-BE68-0B78D186003E}"
EndProject
Global
	GlobalSection(SolutionConfigurationPlatforms) = preSolution
		Debug|Any CPU = Debug|Any CPU
		Debug|x86 = Debug|x86
		Release|Any CPU = Release|Any CPU
		Release|x86 = Release|x86
		Signed|Any CPU = Signed|Any CPU
		Signed|x86 = Signed|x86
	EndGlobalSection
	GlobalSection(ProjectConfigurationPlatforms) = postSolution
		{680A1709-25EB-4D52-A87F-EE03FFD94BAA}.Debug|Any CPU.ActiveCfg = Debug|Any CPU
		{680A1709-25EB-4D52-A87F-EE03FFD94BAA}.Debug|Any CPU.Build.0 = Debug|Any CPU
		{680A1709-25EB-4D52-A87F-EE03FFD94BAA}.Debug|x86.ActiveCfg = Debug|Any CPU
		{680A1709-25EB-4D52-A87F-EE03FFD94BAA}.Release|Any CPU.ActiveCfg = Release|Any CPU
		{680A1709-25EB-4D52-A87F-EE03FFD94BAA}.Release|Any CPU.Build.0 = Release|Any CPU
		{680A1709-25EB-4D52-A87F-EE03FFD94BAA}.Release|x86.ActiveCfg = Release|Any CPU
		{680A1709-25EB-4D52-A87F-EE03FFD94BAA}.Signed|Any CPU.ActiveCfg = Signed|Any CPU
		{680A1709-25EB-4D52-A87F-EE03FFD94BAA}.Signed|Any CPU.Build.0 = Signed|Any CPU
		{680A1709-25EB-4D52-A87F-EE03FFD94BAA}.Signed|x86.ActiveCfg = Signed|Any CPU
		{C43F583F-ABDE-4DD4-BBE3-66322817A6AD}.Debug|Any CPU.ActiveCfg = Debug|Any CPU
		{C43F583F-ABDE-4DD4-BBE3-66322817A6AD}.Debug|Any CPU.Build.0 = Debug|Any CPU
		{C43F583F-ABDE-4DD4-BBE3-66322817A6AD}.Debug|x86.ActiveCfg = Debug|Any CPU
		{C43F583F-ABDE-4DD4-BBE3-66322817A6AD}.Release|Any CPU.ActiveCfg = Release|Any CPU
		{C43F583F-ABDE-4DD4-BBE3-66322817A6AD}.Release|Any CPU.Build.0 = Release|Any CPU
		{C43F583F-ABDE-4DD4-BBE3-66322817A6AD}.Release|x86.ActiveCfg = Release|Any CPU
		{C43F583F-ABDE-4DD4-BBE3-66322817A6AD}.Signed|Any CPU.ActiveCfg = Signed|Any CPU
		{C43F583F-ABDE-4DD4-BBE3-66322817A6AD}.Signed|Any CPU.Build.0 = Signed|Any CPU
		{C43F583F-ABDE-4DD4-BBE3-66322817A6AD}.Signed|x86.ActiveCfg = Release|Any CPU
		{982416DB-C143-4028-A0C3-CF41892D18D3}.Debug|Any CPU.ActiveCfg = Debug|Any CPU
		{982416DB-C143-4028-A0C3-CF41892D18D3}.Debug|Any CPU.Build.0 = Debug|Any CPU
		{982416DB-C143-4028-A0C3-CF41892D18D3}.Debug|x86.ActiveCfg = Debug|Any CPU
		{982416DB-C143-4028-A0C3-CF41892D18D3}.Release|Any CPU.ActiveCfg = Release|Any CPU
		{982416DB-C143-4028-A0C3-CF41892D18D3}.Release|Any CPU.Build.0 = Release|Any CPU
		{982416DB-C143-4028-A0C3-CF41892D18D3}.Release|x86.ActiveCfg = Release|Any CPU
		{982416DB-C143-4028-A0C3-CF41892D18D3}.Signed|Any CPU.ActiveCfg = Signed|Any CPU
		{982416DB-C143-4028-A0C3-CF41892D18D3}.Signed|Any CPU.Build.0 = Signed|Any CPU
		{982416DB-C143-4028-A0C3-CF41892D18D3}.Signed|x86.ActiveCfg = Release|Any CPU
		{5A315F92-80D2-4C60-A5A4-22E027AC7E7E}.Debug|Any CPU.ActiveCfg = Debug|Any CPU
		{5A315F92-80D2-4C60-A5A4-22E027AC7E7E}.Debug|Any CPU.Build.0 = Debug|Any CPU
		{5A315F92-80D2-4C60-A5A4-22E027AC7E7E}.Debug|x86.ActiveCfg = Debug|Any CPU
		{5A315F92-80D2-4C60-A5A4-22E027AC7E7E}.Release|Any CPU.ActiveCfg = Release|Any CPU
		{5A315F92-80D2-4C60-A5A4-22E027AC7E7E}.Release|Any CPU.Build.0 = Release|Any CPU
		{5A315F92-80D2-4C60-A5A4-22E027AC7E7E}.Release|x86.ActiveCfg = Release|Any CPU
		{5A315F92-80D2-4C60-A5A4-22E027AC7E7E}.Signed|Any CPU.ActiveCfg = Signed|Any CPU
		{5A315F92-80D2-4C60-A5A4-22E027AC7E7E}.Signed|Any CPU.Build.0 = Signed|Any CPU
		{5A315F92-80D2-4C60-A5A4-22E027AC7E7E}.Signed|x86.ActiveCfg = Release|Any CPU
		{579B3FDB-CDAD-44E1-8417-885C38E49A0E}.Debug|Any CPU.ActiveCfg = Debug|Any CPU
		{579B3FDB-CDAD-44E1-8417-885C38E49A0E}.Debug|Any CPU.Build.0 = Debug|Any CPU
		{579B3FDB-CDAD-44E1-8417-885C38E49A0E}.Debug|x86.ActiveCfg = Debug|Any CPU
		{579B3FDB-CDAD-44E1-8417-885C38E49A0E}.Release|Any CPU.ActiveCfg = Release|Any CPU
		{579B3FDB-CDAD-44E1-8417-885C38E49A0E}.Release|Any CPU.Build.0 = Release|Any CPU
		{579B3FDB-CDAD-44E1-8417-885C38E49A0E}.Release|x86.ActiveCfg = Release|Any CPU
		{579B3FDB-CDAD-44E1-8417-885C38E49A0E}.Signed|Any CPU.ActiveCfg = Signed|Any CPU
		{579B3FDB-CDAD-44E1-8417-885C38E49A0E}.Signed|Any CPU.Build.0 = Signed|Any CPU
		{579B3FDB-CDAD-44E1-8417-885C38E49A0E}.Signed|x86.ActiveCfg = MonoTouch|Any CPU
		{AF99F19B-4C04-4F58-81EF-B092F1FCC540}.Debug|Any CPU.ActiveCfg = Debug|Any CPU
		{AF99F19B-4C04-4F58-81EF-B092F1FCC540}.Debug|Any CPU.Build.0 = Debug|Any CPU
		{AF99F19B-4C04-4F58-81EF-B092F1FCC540}.Debug|x86.ActiveCfg = Debug|x86
		{AF99F19B-4C04-4F58-81EF-B092F1FCC540}.Debug|x86.Build.0 = Debug|x86
		{AF99F19B-4C04-4F58-81EF-B092F1FCC540}.Release|Any CPU.ActiveCfg = Release|Any CPU
		{AF99F19B-4C04-4F58-81EF-B092F1FCC540}.Release|Any CPU.Build.0 = Release|Any CPU
		{AF99F19B-4C04-4F58-81EF-B092F1FCC540}.Release|x86.ActiveCfg = Release|x86
		{AF99F19B-4C04-4F58-81EF-B092F1FCC540}.Release|x86.Build.0 = Release|x86
		{AF99F19B-4C04-4F58-81EF-B092F1FCC540}.Signed|Any CPU.ActiveCfg = Signed|Any CPU
		{AF99F19B-4C04-4F58-81EF-B092F1FCC540}.Signed|Any CPU.Build.0 = Signed|Any CPU
		{AF99F19B-4C04-4F58-81EF-B092F1FCC540}.Signed|x86.ActiveCfg = STATIC_ONLY NO_EXPRESSIONS|x86
		{AF99F19B-4C04-4F58-81EF-B092F1FCC540}.Signed|x86.Build.0 = STATIC_ONLY NO_EXPRESSIONS|x86
		{96179AC6-F6F1-40C3-9FDD-4F6582F54C5C}.Debug|Any CPU.ActiveCfg = Debug|Any CPU
		{96179AC6-F6F1-40C3-9FDD-4F6582F54C5C}.Debug|Any CPU.Build.0 = Debug|Any CPU
		{96179AC6-F6F1-40C3-9FDD-4F6582F54C5C}.Debug|x86.ActiveCfg = Debug|Any CPU
		{96179AC6-F6F1-40C3-9FDD-4F6582F54C5C}.Release|Any CPU.ActiveCfg = Release|Any CPU
		{96179AC6-F6F1-40C3-9FDD-4F6582F54C5C}.Release|Any CPU.Build.0 = Release|Any CPU
		{96179AC6-F6F1-40C3-9FDD-4F6582F54C5C}.Release|x86.ActiveCfg = Release|Any CPU
		{96179AC6-F6F1-40C3-9FDD-4F6582F54C5C}.Signed|Any CPU.ActiveCfg = Signed|Any CPU
		{96179AC6-F6F1-40C3-9FDD-4F6582F54C5C}.Signed|Any CPU.Build.0 = Signed|Any CPU
		{96179AC6-F6F1-40C3-9FDD-4F6582F54C5C}.Signed|x86.ActiveCfg = STATIC_ONLY NO_EXPRESSIONS|Any CPU
		{1887DC99-9139-43E3-A7AA-6D74714B3A5D}.Debug|Any CPU.ActiveCfg = Debug|Any CPU
		{1887DC99-9139-43E3-A7AA-6D74714B3A5D}.Debug|Any CPU.Build.0 = Debug|Any CPU
		{1887DC99-9139-43E3-A7AA-6D74714B3A5D}.Debug|x86.ActiveCfg = Debug|Any CPU
		{1887DC99-9139-43E3-A7AA-6D74714B3A5D}.Release|Any CPU.ActiveCfg = Release|Any CPU
		{1887DC99-9139-43E3-A7AA-6D74714B3A5D}.Release|Any CPU.Build.0 = Release|Any CPU
		{1887DC99-9139-43E3-A7AA-6D74714B3A5D}.Release|x86.ActiveCfg = Release|Any CPU
		{1887DC99-9139-43E3-A7AA-6D74714B3A5D}.Signed|Any CPU.ActiveCfg = Signed|Any CPU
		{1887DC99-9139-43E3-A7AA-6D74714B3A5D}.Signed|Any CPU.Build.0 = Signed|Any CPU
		{1887DC99-9139-43E3-A7AA-6D74714B3A5D}.Signed|x86.ActiveCfg = Release|Any CPU
		{7E9BB57B-53E3-425E-9882-B6E078C5C9BA}.Debug|Any CPU.ActiveCfg = Debug|Any CPU
		{7E9BB57B-53E3-425E-9882-B6E078C5C9BA}.Debug|Any CPU.Build.0 = Debug|Any CPU
		{7E9BB57B-53E3-425E-9882-B6E078C5C9BA}.Debug|x86.ActiveCfg = Debug|Any CPU
		{7E9BB57B-53E3-425E-9882-B6E078C5C9BA}.Debug|x86.Build.0 = Debug|Any CPU
		{7E9BB57B-53E3-425E-9882-B6E078C5C9BA}.Release|Any CPU.ActiveCfg = Release|Any CPU
		{7E9BB57B-53E3-425E-9882-B6E078C5C9BA}.Release|Any CPU.Build.0 = Release|Any CPU
		{7E9BB57B-53E3-425E-9882-B6E078C5C9BA}.Release|x86.ActiveCfg = Release|Any CPU
		{7E9BB57B-53E3-425E-9882-B6E078C5C9BA}.Release|x86.Build.0 = Release|Any CPU
		{7E9BB57B-53E3-425E-9882-B6E078C5C9BA}.Signed|Any CPU.ActiveCfg = Signed|Any CPU
		{7E9BB57B-53E3-425E-9882-B6E078C5C9BA}.Signed|Any CPU.Build.0 = Signed|Any CPU
		{7E9BB57B-53E3-425E-9882-B6E078C5C9BA}.Signed|x86.ActiveCfg = Release|Any CPU
		{7E9BB57B-53E3-425E-9882-B6E078C5C9BA}.Signed|x86.Build.0 = Release|Any CPU
		{EC090B85-E208-4B4E-AE19-BBFEF51E4560}.Debug|Any CPU.ActiveCfg = Debug|Any CPU
		{EC090B85-E208-4B4E-AE19-BBFEF51E4560}.Debug|Any CPU.Build.0 = Debug|Any CPU
		{EC090B85-E208-4B4E-AE19-BBFEF51E4560}.Debug|x86.ActiveCfg = Debug|Any CPU
		{EC090B85-E208-4B4E-AE19-BBFEF51E4560}.Debug|x86.Build.0 = Debug|Any CPU
		{EC090B85-E208-4B4E-AE19-BBFEF51E4560}.Release|Any CPU.ActiveCfg = Release|Any CPU
		{EC090B85-E208-4B4E-AE19-BBFEF51E4560}.Release|Any CPU.Build.0 = Release|Any CPU
		{EC090B85-E208-4B4E-AE19-BBFEF51E4560}.Release|x86.ActiveCfg = Release|Any CPU
		{EC090B85-E208-4B4E-AE19-BBFEF51E4560}.Release|x86.Build.0 = Release|Any CPU
		{EC090B85-E208-4B4E-AE19-BBFEF51E4560}.Signed|Any CPU.ActiveCfg = Signed|Any CPU
		{EC090B85-E208-4B4E-AE19-BBFEF51E4560}.Signed|Any CPU.Build.0 = Signed|Any CPU
		{EC090B85-E208-4B4E-AE19-BBFEF51E4560}.Signed|x86.ActiveCfg = Release|Any CPU
		{EC090B85-E208-4B4E-AE19-BBFEF51E4560}.Signed|x86.Build.0 = Release|Any CPU
		{C6EB693E-64D1-4271-BE68-0B78D186003E}.Debug|Any CPU.ActiveCfg = Debug|Any CPU
		{C6EB693E-64D1-4271-BE68-0B78D186003E}.Debug|Any CPU.Build.0 = Debug|Any CPU
		{C6EB693E-64D1-4271-BE68-0B78D186003E}.Debug|x86.ActiveCfg = Debug|Any CPU
		{C6EB693E-64D1-4271-BE68-0B78D186003E}.Debug|x86.Build.0 = Debug|Any CPU
		{C6EB693E-64D1-4271-BE68-0B78D186003E}.Release|Any CPU.ActiveCfg = Release|Any CPU
		{C6EB693E-64D1-4271-BE68-0B78D186003E}.Release|Any CPU.Build.0 = Release|Any CPU
		{C6EB693E-64D1-4271-BE68-0B78D186003E}.Release|x86.ActiveCfg = Release|Any CPU
		{C6EB693E-64D1-4271-BE68-0B78D186003E}.Release|x86.Build.0 = Release|Any CPU
		{C6EB693E-64D1-4271-BE68-0B78D186003E}.Signed|Any CPU.ActiveCfg = Signed|Any CPU
		{C6EB693E-64D1-4271-BE68-0B78D186003E}.Signed|Any CPU.Build.0 = Signed|Any CPU
		{C6EB693E-64D1-4271-BE68-0B78D186003E}.Signed|x86.ActiveCfg = Signed|Any CPU
		{C6EB693E-64D1-4271-BE68-0B78D186003E}.Signed|x86.Build.0 = Signed|Any CPU
	EndGlobalSection
	GlobalSection(SolutionProperties) = preSolution
		HideSolutionNode = FALSE
	EndGlobalSection
EndGlobal
