
Microsoft Visual Studio Solution File, Format Version 11.00
# Visual Studio 2010
Project("{FAE04EC0-301F-11D3-BF4B-00C04F79EFBC}") = "ServiceStack.Common.Android", "ServiceStack.Common.Android\ServiceStack.Common.Android.csproj", "{BEA92E9F-00B1-4923-BD81-7F3A9CA24408}"
EndProject
Project("{FAE04EC0-301F-11D3-BF4B-00C04F79EFBC}") = "ServiceStack.Interfaces.Android", "ServiceStack.Interfaces.Android\ServiceStack.Interfaces.Android.csproj", "{05A5DDBF-A1A2-4B28-9FF0-C07060A8AEFC}"
EndProject
Project("{FAE04EC0-301F-11D3-BF4B-00C04F79EFBC}") = "ServiceStack.Text.Android", "..\..\ServiceStack.Text\src\ServiceStack.Text.Android\ServiceStack.Text.Android\ServiceStack.Text.Android.csproj", "{56838CD4-8EBC-4860-A3E1-1697875BBC61}"
EndProject
Global
	GlobalSection(SolutionConfigurationPlatforms) = preSolution
		Debug|Any CPU = Debug|Any CPU
		Release|Any CPU = Release|Any CPU
	EndGlobalSection
	GlobalSection(ProjectConfigurationPlatforms) = postSolution
		{BEA92E9F-00B1-4923-BD81-7F3A9CA24408}.Debug|Any CPU.ActiveCfg = Debug|Any CPU
		{BEA92E9F-00B1-4923-BD81-7F3A9CA24408}.Debug|Any CPU.Build.0 = Debug|Any CPU
		{BEA92E9F-00B1-4923-BD81-7F3A9CA24408}.Release|Any CPU.ActiveCfg = Release|Any CPU
		{BEA92E9F-00B1-4923-BD81-7F3A9CA24408}.Release|Any CPU.Build.0 = Release|Any CPU
		{05A5DDBF-A1A2-4B28-9FF0-C07060A8AEFC}.Debug|Any CPU.ActiveCfg = Debug|Any CPU
		{05A5DDBF-A1A2-4B28-9FF0-C07060A8AEFC}.Debug|Any CPU.Build.0 = Debug|Any CPU
		{05A5DDBF-A1A2-4B28-9FF0-C07060A8AEFC}.Release|Any CPU.ActiveCfg = Release|Any CPU
		{05A5DDBF-A1A2-4B28-9FF0-C07060A8AEFC}.Release|Any CPU.Build.0 = Release|Any CPU
		{56838CD4-8EBC-4860-A3E1-1697875BBC61}.Debug|Any CPU.ActiveCfg = Debug|Any CPU
		{56838CD4-8EBC-4860-A3E1-1697875BBC61}.Debug|Any CPU.Build.0 = Debug|Any CPU
		{56838CD4-8EBC-4860-A3E1-1697875BBC61}.Release|Any CPU.ActiveCfg = Release|Any CPU
		{56838CD4-8EBC-4860-A3E1-1697875BBC61}.Release|Any CPU.Build.0 = Release|Any CPU
	EndGlobalSection
	GlobalSection(SolutionProperties) = preSolution
		HideSolutionNode = FALSE
	EndGlobalSection
EndGlobal
