
Microsoft Visual Studio Solution File, Format Version 12.00
# Visual Studio 14
VisualStudioVersion = 14.0.25420.1
MinimumVisualStudioVersion = 10.0.40219.1
Project("{8BB2217D-0F2D-49D1-97BC-3654ED321F3B}") = "ServiceStack.Core.SelfHost", "ServiceStack.Core.SelfHost\ServiceStack.Core.SelfHost.xproj", "{C59FEB65-D1FB-477F-B9F9-7CC2C7397D1A}"
EndProject
Project("{8BB2217D-0F2D-49D1-97BC-3654ED321F3B}") = "ServiceStack", "ServiceStack\ServiceStack.xproj", "{87D6084B-A49E-42BD-A14B-F11B23C5E60D}"
EndProject
Project("{8BB2217D-0F2D-49D1-97BC-3654ED321F3B}") = "ServiceStack.Client", "ServiceStack.Client\ServiceStack.Client.xproj", "{30BD426A-F58C-4EA3-8D22-E3F8FC795943}"
EndProject
Project("{8BB2217D-0F2D-49D1-97BC-3654ED321F3B}") = "ServiceStack.Common", "ServiceStack.Common\ServiceStack.Common.xproj", "{07B9689D-97CE-4178-A7E0-E4E72A74FD07}"
EndProject
Project("{8BB2217D-0F2D-49D1-97BC-3654ED321F3B}") = "ServiceStack.Interfaces", "ServiceStack.Interfaces\ServiceStack.Interfaces.xproj", "{607142D5-A43E-4AE5-8313-447878CA2D1F}"
EndProject
Project("{8BB2217D-0F2D-49D1-97BC-3654ED321F3B}") = "ServiceStack.Text", "ServiceStack.Text\ServiceStack.Text.xproj", "{1392785A-B8DB-4221-80EB-CCBB07F8A42C}"
EndProject
Project("{2150E333-8FDC-42A3-9474-1A3956D46DE8}") = "Hosts", "Hosts", "{43C8BF0C-1B57-4B1F-A5D2-6010B93C791A}"
EndProject
Project("{8BB2217D-0F2D-49D1-97BC-3654ED321F3B}") = "ChatSelfHost", "ChatSelfHost\ChatSelfHost.xproj", "{80869D50-8823-4EEA-9B84-27200D35F663}"
EndProject
Project("{8BB2217D-0F2D-49D1-97BC-3654ED321F3B}") = "ServiceStack.Redis", "ServiceStack.Redis\ServiceStack.Redis.xproj", "{C2B7009A-ABED-44E0-AB82-E69CC8C7A17A}"
EndProject
Project("{2150E333-8FDC-42A3-9474-1A3956D46DE8}") = "Build", "Build", "{FA46AB18-F252-43F5-BEBC-12700EBC90A4}"
	ProjectSection(SolutionItems) = preProject
		..\build\build-core.sh = ..\build\build-core.sh
		..\lib\netstandard1.3\copy.bat = ..\lib\netstandard1.3\copy.bat
		..\build\publish-core.sh = ..\build\publish-core.sh
		..\NuGet.Core\ServiceStack.Api.Swagger.Core\ServiceStack.Api.Swagger.Core.nuspec = ..\NuGet.Core\ServiceStack.Api.Swagger.Core\ServiceStack.Api.Swagger.Core.nuspec
		..\NuGet.Core\ServiceStack.Client.Core\ServiceStack.Client.Core.nuspec = ..\NuGet.Core\ServiceStack.Client.Core\ServiceStack.Client.Core.nuspec
		..\NuGet.Core\ServiceStack.Common.Core\ServiceStack.Common.Core.nuspec = ..\NuGet.Core\ServiceStack.Common.Core\ServiceStack.Common.Core.nuspec
		..\NuGet.Core\ServiceStack.Core\ServiceStack.Core.nuspec = ..\NuGet.Core\ServiceStack.Core\ServiceStack.Core.nuspec
		..\NuGet.Core\ServiceStack.HttpClient.Core\ServiceStack.HttpClient.Core.nuspec = ..\NuGet.Core\ServiceStack.HttpClient.Core\ServiceStack.HttpClient.Core.nuspec
		..\NuGet.Core\ServiceStack.Interfaces.Core\ServiceStack.Interfaces.Core.nuspec = ..\NuGet.Core\ServiceStack.Interfaces.Core\ServiceStack.Interfaces.Core.nuspec
		..\NuGet.Core\ServiceStack.Kestrel\ServiceStack.Kestrel.nuspec = ..\NuGet.Core\ServiceStack.Kestrel\ServiceStack.Kestrel.nuspec
		..\NuGet.Core\ServiceStack.Mvc.Core\ServiceStack.Mvc.Core.nuspec = ..\NuGet.Core\ServiceStack.Mvc.Core\ServiceStack.Mvc.Core.nuspec
		..\NuGet.Core\ServiceStack.RabbitMq.Core\ServiceStack.RabbitMq.Core.nuspec = ..\NuGet.Core\ServiceStack.RabbitMq.Core\ServiceStack.RabbitMq.Core.nuspec
		..\NuGet.Core\ServiceStack.Server.Core\ServiceStack.Server.Core.nuspec = ..\NuGet.Core\ServiceStack.Server.Core\ServiceStack.Server.Core.nuspec
	EndProjectSection
EndProject
Project("{8BB2217D-0F2D-49D1-97BC-3654ED321F3B}") = "ServiceStack.Common.Tests", "..\tests\ServiceStack.Common.Tests\ServiceStack.Common.Tests.xproj", "{C3CF7287-E1A1-4C01-A43B-D27B6A0C3218}"
EndProject
Project("{8BB2217D-0F2D-49D1-97BC-3654ED321F3B}") = "ServiceStack.OrmLite", "ServiceStack.OrmLite\ServiceStack.OrmLite.xproj", "{59CE678A-35BD-400E-B7B6-098B27FD2CD2}"
EndProject
Project("{8BB2217D-0F2D-49D1-97BC-3654ED321F3B}") = "ServiceStack.OrmLite.Sqlite", "ServiceStack.OrmLite.Sqlite\ServiceStack.OrmLite.Sqlite.xproj", "{E660111A-10F0-40CB-9356-C940F41E7CB8}"
EndProject
Project("{8BB2217D-0F2D-49D1-97BC-3654ED321F3B}") = "ServiceStack.OrmLite.SqlServer", "ServiceStack.OrmLite.SqlServer\ServiceStack.OrmLite.SqlServer.xproj", "{F28AB2AC-811B-4572-83CC-1D80BEB8C74E}"
EndProject
Project("{8BB2217D-0F2D-49D1-97BC-3654ED321F3B}") = "ServiceStack.Kestrel", "ServiceStack.Kestrel\ServiceStack.Kestrel.xproj", "{569D7478-C273-40EE-AE2F-562A657A5635}"
EndProject
Project("{2150E333-8FDC-42A3-9474-1A3956D46DE8}") = "Tests", "Tests", "{312EC6C7-3026-472C-85A1-8189207DA807}"
EndProject
Project("{8BB2217D-0F2D-49D1-97BC-3654ED321F3B}") = "ServiceStack.Core.SelfHostTests", "..\tests\ServiceStack.Core.SelfHostTests\ServiceStack.Core.SelfHostTests.xproj", "{97002C10-48C4-4711-961B-F3E3D4FC3E4E}"
EndProject
Project("{8BB2217D-0F2D-49D1-97BC-3654ED321F3B}") = "ServiceStack.HttpClient", "ServiceStack.HttpClient\ServiceStack.HttpClient.xproj", "{38723AC5-4D75-4D7F-BC7A-9D649485C60B}"
EndProject
Project("{8BB2217D-0F2D-49D1-97BC-3654ED321F3B}") = "ServiceStack.Server", "ServiceStack.Server\ServiceStack.Server.xproj", "{666A80C7-B8A6-4FA1-98D9-E3ABF9000477}"
EndProject
Project("{8BB2217D-0F2D-49D1-97BC-3654ED321F3B}") = "ServiceStack.Api.Swagger", "ServiceStack.Api.Swagger\ServiceStack.Api.Swagger.xproj", "{616144BD-3FBE-4090-85DB-660DD7866E4F}"
EndProject
Project("{8BB2217D-0F2D-49D1-97BC-3654ED321F3B}") = "Mvc.Core.Tests", "..\tests\Mvc.Core.Tests\Mvc.Core.Tests.xproj", "{F62296EA-27ED-46F7-8782-E84555AB4438}"
EndProject
Project("{8BB2217D-0F2D-49D1-97BC-3654ED321F3B}") = "ServiceStack.Mvc", "ServiceStack.Mvc\ServiceStack.Mvc.xproj", "{1763A1CD-95A4-47B6-95B4-A6D39AA9EF2D}"
EndProject
Global
	GlobalSection(SolutionConfigurationPlatforms) = preSolution
		Debug|Any CPU = Debug|Any CPU
		Release|Any CPU = Release|Any CPU
	EndGlobalSection
	GlobalSection(ProjectConfigurationPlatforms) = postSolution
		{C59FEB65-D1FB-477F-B9F9-7CC2C7397D1A}.Debug|Any CPU.ActiveCfg = Debug|Any CPU
		{C59FEB65-D1FB-477F-B9F9-7CC2C7397D1A}.Debug|Any CPU.Build.0 = Debug|Any CPU
		{C59FEB65-D1FB-477F-B9F9-7CC2C7397D1A}.Release|Any CPU.ActiveCfg = Release|Any CPU
		{C59FEB65-D1FB-477F-B9F9-7CC2C7397D1A}.Release|Any CPU.Build.0 = Release|Any CPU
		{87D6084B-A49E-42BD-A14B-F11B23C5E60D}.Debug|Any CPU.ActiveCfg = Debug|Any CPU
		{87D6084B-A49E-42BD-A14B-F11B23C5E60D}.Debug|Any CPU.Build.0 = Debug|Any CPU
		{87D6084B-A49E-42BD-A14B-F11B23C5E60D}.Release|Any CPU.ActiveCfg = Release|Any CPU
		{87D6084B-A49E-42BD-A14B-F11B23C5E60D}.Release|Any CPU.Build.0 = Release|Any CPU
		{30BD426A-F58C-4EA3-8D22-E3F8FC795943}.Debug|Any CPU.ActiveCfg = Debug|Any CPU
		{30BD426A-F58C-4EA3-8D22-E3F8FC795943}.Debug|Any CPU.Build.0 = Debug|Any CPU
		{30BD426A-F58C-4EA3-8D22-E3F8FC795943}.Release|Any CPU.ActiveCfg = Release|Any CPU
		{30BD426A-F58C-4EA3-8D22-E3F8FC795943}.Release|Any CPU.Build.0 = Release|Any CPU
		{07B9689D-97CE-4178-A7E0-E4E72A74FD07}.Debug|Any CPU.ActiveCfg = Debug|Any CPU
		{07B9689D-97CE-4178-A7E0-E4E72A74FD07}.Debug|Any CPU.Build.0 = Debug|Any CPU
		{07B9689D-97CE-4178-A7E0-E4E72A74FD07}.Release|Any CPU.ActiveCfg = Release|Any CPU
		{07B9689D-97CE-4178-A7E0-E4E72A74FD07}.Release|Any CPU.Build.0 = Release|Any CPU
		{607142D5-A43E-4AE5-8313-447878CA2D1F}.Debug|Any CPU.ActiveCfg = Debug|Any CPU
		{607142D5-A43E-4AE5-8313-447878CA2D1F}.Debug|Any CPU.Build.0 = Debug|Any CPU
		{607142D5-A43E-4AE5-8313-447878CA2D1F}.Release|Any CPU.ActiveCfg = Release|Any CPU
		{607142D5-A43E-4AE5-8313-447878CA2D1F}.Release|Any CPU.Build.0 = Release|Any CPU
		{1392785A-B8DB-4221-80EB-CCBB07F8A42C}.Debug|Any CPU.ActiveCfg = Debug|Any CPU
		{1392785A-B8DB-4221-80EB-CCBB07F8A42C}.Debug|Any CPU.Build.0 = Debug|Any CPU
		{1392785A-B8DB-4221-80EB-CCBB07F8A42C}.Release|Any CPU.ActiveCfg = Release|Any CPU
		{1392785A-B8DB-4221-80EB-CCBB07F8A42C}.Release|Any CPU.Build.0 = Release|Any CPU
		{80869D50-8823-4EEA-9B84-27200D35F663}.Debug|Any CPU.ActiveCfg = Debug|Any CPU
		{80869D50-8823-4EEA-9B84-27200D35F663}.Debug|Any CPU.Build.0 = Debug|Any CPU
		{80869D50-8823-4EEA-9B84-27200D35F663}.Release|Any CPU.ActiveCfg = Release|Any CPU
		{80869D50-8823-4EEA-9B84-27200D35F663}.Release|Any CPU.Build.0 = Release|Any CPU
		{C2B7009A-ABED-44E0-AB82-E69CC8C7A17A}.Debug|Any CPU.ActiveCfg = Debug|Any CPU
		{C2B7009A-ABED-44E0-AB82-E69CC8C7A17A}.Debug|Any CPU.Build.0 = Debug|Any CPU
		{C2B7009A-ABED-44E0-AB82-E69CC8C7A17A}.Release|Any CPU.ActiveCfg = Release|Any CPU
		{C2B7009A-ABED-44E0-AB82-E69CC8C7A17A}.Release|Any CPU.Build.0 = Release|Any CPU
		{C3CF7287-E1A1-4C01-A43B-D27B6A0C3218}.Debug|Any CPU.ActiveCfg = Debug|Any CPU
		{C3CF7287-E1A1-4C01-A43B-D27B6A0C3218}.Debug|Any CPU.Build.0 = Debug|Any CPU
		{C3CF7287-E1A1-4C01-A43B-D27B6A0C3218}.Release|Any CPU.ActiveCfg = Release|Any CPU
		{C3CF7287-E1A1-4C01-A43B-D27B6A0C3218}.Release|Any CPU.Build.0 = Release|Any CPU
		{59CE678A-35BD-400E-B7B6-098B27FD2CD2}.Debug|Any CPU.ActiveCfg = Debug|Any CPU
		{59CE678A-35BD-400E-B7B6-098B27FD2CD2}.Debug|Any CPU.Build.0 = Debug|Any CPU
		{59CE678A-35BD-400E-B7B6-098B27FD2CD2}.Release|Any CPU.ActiveCfg = Release|Any CPU
		{59CE678A-35BD-400E-B7B6-098B27FD2CD2}.Release|Any CPU.Build.0 = Release|Any CPU
		{E660111A-10F0-40CB-9356-C940F41E7CB8}.Debug|Any CPU.ActiveCfg = Debug|Any CPU
		{E660111A-10F0-40CB-9356-C940F41E7CB8}.Debug|Any CPU.Build.0 = Debug|Any CPU
		{E660111A-10F0-40CB-9356-C940F41E7CB8}.Release|Any CPU.ActiveCfg = Release|Any CPU
		{E660111A-10F0-40CB-9356-C940F41E7CB8}.Release|Any CPU.Build.0 = Release|Any CPU
		{F28AB2AC-811B-4572-83CC-1D80BEB8C74E}.Debug|Any CPU.ActiveCfg = Debug|Any CPU
		{F28AB2AC-811B-4572-83CC-1D80BEB8C74E}.Debug|Any CPU.Build.0 = Debug|Any CPU
		{F28AB2AC-811B-4572-83CC-1D80BEB8C74E}.Release|Any CPU.ActiveCfg = Release|Any CPU
		{F28AB2AC-811B-4572-83CC-1D80BEB8C74E}.Release|Any CPU.Build.0 = Release|Any CPU
		{569D7478-C273-40EE-AE2F-562A657A5635}.Debug|Any CPU.ActiveCfg = Debug|Any CPU
		{569D7478-C273-40EE-AE2F-562A657A5635}.Debug|Any CPU.Build.0 = Debug|Any CPU
		{569D7478-C273-40EE-AE2F-562A657A5635}.Release|Any CPU.ActiveCfg = Release|Any CPU
		{569D7478-C273-40EE-AE2F-562A657A5635}.Release|Any CPU.Build.0 = Release|Any CPU
		{97002C10-48C4-4711-961B-F3E3D4FC3E4E}.Debug|Any CPU.ActiveCfg = Debug|Any CPU
		{97002C10-48C4-4711-961B-F3E3D4FC3E4E}.Debug|Any CPU.Build.0 = Debug|Any CPU
		{97002C10-48C4-4711-961B-F3E3D4FC3E4E}.Release|Any CPU.ActiveCfg = Release|Any CPU
		{97002C10-48C4-4711-961B-F3E3D4FC3E4E}.Release|Any CPU.Build.0 = Release|Any CPU
		{38723AC5-4D75-4D7F-BC7A-9D649485C60B}.Debug|Any CPU.ActiveCfg = Debug|Any CPU
		{38723AC5-4D75-4D7F-BC7A-9D649485C60B}.Debug|Any CPU.Build.0 = Debug|Any CPU
		{38723AC5-4D75-4D7F-BC7A-9D649485C60B}.Release|Any CPU.ActiveCfg = Release|Any CPU
		{38723AC5-4D75-4D7F-BC7A-9D649485C60B}.Release|Any CPU.Build.0 = Release|Any CPU
		{666A80C7-B8A6-4FA1-98D9-E3ABF9000477}.Debug|Any CPU.ActiveCfg = Debug|Any CPU
		{666A80C7-B8A6-4FA1-98D9-E3ABF9000477}.Debug|Any CPU.Build.0 = Debug|Any CPU
		{666A80C7-B8A6-4FA1-98D9-E3ABF9000477}.Release|Any CPU.ActiveCfg = Release|Any CPU
		{666A80C7-B8A6-4FA1-98D9-E3ABF9000477}.Release|Any CPU.Build.0 = Release|Any CPU
		{616144BD-3FBE-4090-85DB-660DD7866E4F}.Debug|Any CPU.ActiveCfg = Debug|Any CPU
		{616144BD-3FBE-4090-85DB-660DD7866E4F}.Debug|Any CPU.Build.0 = Debug|Any CPU
		{616144BD-3FBE-4090-85DB-660DD7866E4F}.Release|Any CPU.ActiveCfg = Release|Any CPU
		{616144BD-3FBE-4090-85DB-660DD7866E4F}.Release|Any CPU.Build.0 = Release|Any CPU
		{F62296EA-27ED-46F7-8782-E84555AB4438}.Debug|Any CPU.ActiveCfg = Debug|Any CPU
		{F62296EA-27ED-46F7-8782-E84555AB4438}.Debug|Any CPU.Build.0 = Debug|Any CPU
		{F62296EA-27ED-46F7-8782-E84555AB4438}.Release|Any CPU.ActiveCfg = Release|Any CPU
		{F62296EA-27ED-46F7-8782-E84555AB4438}.Release|Any CPU.Build.0 = Release|Any CPU
		{1763A1CD-95A4-47B6-95B4-A6D39AA9EF2D}.Debug|Any CPU.ActiveCfg = Debug|Any CPU
		{1763A1CD-95A4-47B6-95B4-A6D39AA9EF2D}.Debug|Any CPU.Build.0 = Debug|Any CPU
		{1763A1CD-95A4-47B6-95B4-A6D39AA9EF2D}.Release|Any CPU.ActiveCfg = Release|Any CPU
		{1763A1CD-95A4-47B6-95B4-A6D39AA9EF2D}.Release|Any CPU.Build.0 = Release|Any CPU
	EndGlobalSection
	GlobalSection(SolutionProperties) = preSolution
		HideSolutionNode = FALSE
	EndGlobalSection
	GlobalSection(NestedProjects) = preSolution
		{C59FEB65-D1FB-477F-B9F9-7CC2C7397D1A} = {43C8BF0C-1B57-4B1F-A5D2-6010B93C791A}
		{80869D50-8823-4EEA-9B84-27200D35F663} = {43C8BF0C-1B57-4B1F-A5D2-6010B93C791A}
		{C3CF7287-E1A1-4C01-A43B-D27B6A0C3218} = {312EC6C7-3026-472C-85A1-8189207DA807}
		{97002C10-48C4-4711-961B-F3E3D4FC3E4E} = {312EC6C7-3026-472C-85A1-8189207DA807}
		{F62296EA-27ED-46F7-8782-E84555AB4438} = {43C8BF0C-1B57-4B1F-A5D2-6010B93C791A}
	EndGlobalSection
EndGlobal
