
Microsoft Visual Studio Solution File, Format Version 12.00
# Visual Studio 2012
Project("{FAE04EC0-301F-11D3-BF4B-00C04F79EFBC}") = "ServiceStack.Client.PCL", "ServiceStack.Client\ServiceStack.Client.PCL.csproj", "{135808A7-CE69-4C32-BE30-25A8FFBF4A58}"
EndProject
Project("{2150E333-8FDC-42A3-9474-1A3956D46DE8}") = "Shared", "Shared", "{CBA02F6A-2C0C-4A3C-9CBD-61BE51C191D6}"
EndProject
Project("{FAE04EC0-301F-11D3-BF4B-00C04F79EFBC}") = "PclTest", "..\tests\PclTest\PclTest.csproj", "{CE712EAF-E5E8-462B-A6CB-4035A39305CB}"
EndProject
Project("{FAE04EC0-301F-11D3-BF4B-00C04F79EFBC}") = "PclTest.Android", "..\tests\PclTest.Android\PclTest.Android.csproj", "{2FC501AE-E06B-42CB-9188-07BAC1C86453}"
EndProject
Project("{2150E333-8FDC-42A3-9474-1A3956D46DE8}") = "Providers", "Providers", "{B67DDA96-CB5E-474B-9FC0-3139EFAEC1FE}"
EndProject
Project("{FAE04EC0-301F-11D3-BF4B-00C04F79EFBC}") = "ServiceStack.Pcl.Android", "ServiceStack.Pcl.Android\ServiceStack.Pcl.Android.csproj", "{20837D3A-FD17-4867-B242-00523A9252D4}"
EndProject
Project("{2150E333-8FDC-42A3-9474-1A3956D46DE8}") = "build", "build", "{64877404-3576-4C0F-9185-7025746C30BE}"
	ProjectSection(SolutionItems) = preProject
		..\build\build-pcl.proj = ..\build\build-pcl.proj
		..\build\build.bat = ..\build\build.bat
		..\build\copy-interfaces.bat = ..\build\copy-interfaces.bat
		..\build\copy-pcl.bat = ..\build\copy-pcl.bat
	EndProjectSection
EndProject
Project("{FAE04EC0-301F-11D3-BF4B-00C04F79EFBC}") = "ServiceStack.Pcl.iOS", "ServiceStack.Pcl.iOS\ServiceStack.Pcl.iOS.csproj", "{F2A56C90-22D5-40CE-929B-38E04A708A1B}"
EndProject
Project("{FAE04EC0-301F-11D3-BF4B-00C04F79EFBC}") = "ServiceStack.Pcl.Net45", "ServiceStack.Pcl.Net45\ServiceStack.Pcl.Net45.csproj", "{579491A6-C4C9-4A2A-8940-204279B74413}"
EndProject
Project("{FAE04EC0-301F-11D3-BF4B-00C04F79EFBC}") = "ServiceStack.Pcl.WinStore", "ServiceStack.Pcl.WinStore\ServiceStack.Pcl.WinStore.csproj", "{3F246BD3-8D56-43AC-84AD-681371A9D6A9}"
EndProject
Project("{2150E333-8FDC-42A3-9474-1A3956D46DE8}") = "Clients", "Clients", "{F75A4378-431C-4AC1-A61A-FE3362B78590}"
EndProject
Project("{FAE04EC0-301F-11D3-BF4B-00C04F79EFBC}") = "PclTest.WinStore", "..\tests\PclTest.WinStore\PclTest.WinStore.csproj", "{C2B06B5C-6D70-4160-8DBE-5FEBE293F274}"
EndProject
Project("{FAE04EC0-301F-11D3-BF4B-00C04F79EFBC}") = "PclTest.Wpf", "..\tests\PclTest.Wpf\PclTest.Wpf.csproj", "{7BA60DEE-7283-44BA-9BB7-53A797F19499}"
EndProject
Project("{FAE04EC0-301F-11D3-BF4B-00C04F79EFBC}") = "PclTest.Ios", "..\tests\PclTest.Ios\PclTest.Ios.csproj", "{99D4E441-2BF2-4F4C-AA0C-25211A3FACC1}"
EndProject
Project("{FAE04EC0-301F-11D3-BF4B-00C04F79EFBC}") = "ServiceStack.Text.PCL", "..\..\ServiceStack.Text\src\ServiceStack.Text\ServiceStack.Text.PCL.csproj", "{579B3FDB-CDAD-44E1-8417-885C38E49A0E}"
EndProject
Project("{FAE04EC0-301F-11D3-BF4B-00C04F79EFBC}") = "ServiceStack.Interfaces", "ServiceStack.Interfaces\ServiceStack.Interfaces.csproj", "{55942102-033A-4DA8-A6AF-1DB7B2F34A2D}"
EndProject
Project("{FAE04EC0-301F-11D3-BF4B-00C04F79EFBC}") = "PclTest.ServiceModel", "..\tests\PclTest.ServiceModel\PclTest.ServiceModel.csproj", "{891D214F-C5B2-46B7-B648-FB735612C1C9}"
EndProject
Project("{FAE04EC0-301F-11D3-BF4B-00C04F79EFBC}") = "PclTest.SharedLogic", "..\tests\PclTest.SharedLogic\PclTest.SharedLogic.csproj", "{1BD4BBF9-FDD7-4B2D-9AC3-9A1003205DC3}"
EndProject
Project("{FAE04EC0-301F-11D3-BF4B-00C04F79EFBC}") = "ServiceStack.Pcl.iOS10", "ServiceStack.Pcl.iOS10\ServiceStack.Pcl.iOS10.csproj", "{B591244F-3E4A-4FB9-9E5F-FB466356F710}"
EndProject
Global
	GlobalSection(SolutionConfigurationPlatforms) = preSolution
		Ad-Hoc|Any CPU = Ad-Hoc|Any CPU
		Ad-Hoc|ARM = Ad-Hoc|ARM
		Ad-Hoc|iPhone = Ad-Hoc|iPhone
		Ad-Hoc|iPhoneSimulator = Ad-Hoc|iPhoneSimulator
		Ad-Hoc|Mixed Platforms = Ad-Hoc|Mixed Platforms
		Ad-Hoc|x64 = Ad-Hoc|x64
		Ad-Hoc|x86 = Ad-Hoc|x86
		AppStore|Any CPU = AppStore|Any CPU
		AppStore|ARM = AppStore|ARM
		AppStore|iPhone = AppStore|iPhone
		AppStore|iPhoneSimulator = AppStore|iPhoneSimulator
		AppStore|Mixed Platforms = AppStore|Mixed Platforms
		AppStore|x64 = AppStore|x64
		AppStore|x86 = AppStore|x86
		Debug|Any CPU = Debug|Any CPU
		Debug|ARM = Debug|ARM
		Debug|iPhone = Debug|iPhone
		Debug|iPhoneSimulator = Debug|iPhoneSimulator
		Debug|Mixed Platforms = Debug|Mixed Platforms
		Debug|x64 = Debug|x64
		Debug|x86 = Debug|x86
		Release|Any CPU = Release|Any CPU
		Release|ARM = Release|ARM
		Release|iPhone = Release|iPhone
		Release|iPhoneSimulator = Release|iPhoneSimulator
		Release|Mixed Platforms = Release|Mixed Platforms
		Release|x64 = Release|x64
		Release|x86 = Release|x86
	EndGlobalSection
	GlobalSection(ProjectConfigurationPlatforms) = postSolution
		{135808A7-CE69-4C32-BE30-25A8FFBF4A58}.Ad-Hoc|Any CPU.ActiveCfg = Release|Any CPU
		{135808A7-CE69-4C32-BE30-25A8FFBF4A58}.Ad-Hoc|Any CPU.Build.0 = Release|Any CPU
		{135808A7-CE69-4C32-BE30-25A8FFBF4A58}.Ad-Hoc|ARM.ActiveCfg = Release|Any CPU
		{135808A7-CE69-4C32-BE30-25A8FFBF4A58}.Ad-Hoc|iPhone.ActiveCfg = Release|Any CPU
		{135808A7-CE69-4C32-BE30-25A8FFBF4A58}.Ad-Hoc|iPhoneSimulator.ActiveCfg = Release|Any CPU
		{135808A7-CE69-4C32-BE30-25A8FFBF4A58}.Ad-Hoc|Mixed Platforms.ActiveCfg = Release|Any CPU
		{135808A7-CE69-4C32-BE30-25A8FFBF4A58}.Ad-Hoc|Mixed Platforms.Build.0 = Release|Any CPU
		{135808A7-CE69-4C32-BE30-25A8FFBF4A58}.Ad-Hoc|x64.ActiveCfg = Release|Any CPU
		{135808A7-CE69-4C32-BE30-25A8FFBF4A58}.Ad-Hoc|x86.ActiveCfg = Release|Any CPU
		{135808A7-CE69-4C32-BE30-25A8FFBF4A58}.AppStore|Any CPU.ActiveCfg = Release|Any CPU
		{135808A7-CE69-4C32-BE30-25A8FFBF4A58}.AppStore|Any CPU.Build.0 = Release|Any CPU
		{135808A7-CE69-4C32-BE30-25A8FFBF4A58}.AppStore|ARM.ActiveCfg = Release|Any CPU
		{135808A7-CE69-4C32-BE30-25A8FFBF4A58}.AppStore|iPhone.ActiveCfg = Release|Any CPU
		{135808A7-CE69-4C32-BE30-25A8FFBF4A58}.AppStore|iPhoneSimulator.ActiveCfg = Release|Any CPU
		{135808A7-CE69-4C32-BE30-25A8FFBF4A58}.AppStore|Mixed Platforms.ActiveCfg = Release|Any CPU
		{135808A7-CE69-4C32-BE30-25A8FFBF4A58}.AppStore|Mixed Platforms.Build.0 = Release|Any CPU
		{135808A7-CE69-4C32-BE30-25A8FFBF4A58}.AppStore|x64.ActiveCfg = Release|Any CPU
		{135808A7-CE69-4C32-BE30-25A8FFBF4A58}.AppStore|x86.ActiveCfg = Release|Any CPU
		{135808A7-CE69-4C32-BE30-25A8FFBF4A58}.Debug|Any CPU.ActiveCfg = Debug|Any CPU
		{135808A7-CE69-4C32-BE30-25A8FFBF4A58}.Debug|Any CPU.Build.0 = Debug|Any CPU
		{135808A7-CE69-4C32-BE30-25A8FFBF4A58}.Debug|ARM.ActiveCfg = Debug|Any CPU
		{135808A7-CE69-4C32-BE30-25A8FFBF4A58}.Debug|iPhone.ActiveCfg = Debug|Any CPU
		{135808A7-CE69-4C32-BE30-25A8FFBF4A58}.Debug|iPhoneSimulator.ActiveCfg = Debug|Any CPU
		{135808A7-CE69-4C32-BE30-25A8FFBF4A58}.Debug|Mixed Platforms.ActiveCfg = Debug|Any CPU
		{135808A7-CE69-4C32-BE30-25A8FFBF4A58}.Debug|Mixed Platforms.Build.0 = Debug|Any CPU
		{135808A7-CE69-4C32-BE30-25A8FFBF4A58}.Debug|x64.ActiveCfg = Debug|Any CPU
		{135808A7-CE69-4C32-BE30-25A8FFBF4A58}.Debug|x86.ActiveCfg = Debug|Any CPU
		{135808A7-CE69-4C32-BE30-25A8FFBF4A58}.Release|Any CPU.ActiveCfg = Release|Any CPU
		{135808A7-CE69-4C32-BE30-25A8FFBF4A58}.Release|Any CPU.Build.0 = Release|Any CPU
		{135808A7-CE69-4C32-BE30-25A8FFBF4A58}.Release|ARM.ActiveCfg = Release|Any CPU
		{135808A7-CE69-4C32-BE30-25A8FFBF4A58}.Release|iPhone.ActiveCfg = Release|Any CPU
		{135808A7-CE69-4C32-BE30-25A8FFBF4A58}.Release|iPhoneSimulator.ActiveCfg = Release|Any CPU
		{135808A7-CE69-4C32-BE30-25A8FFBF4A58}.Release|Mixed Platforms.ActiveCfg = Release|Any CPU
		{135808A7-CE69-4C32-BE30-25A8FFBF4A58}.Release|Mixed Platforms.Build.0 = Release|Any CPU
		{135808A7-CE69-4C32-BE30-25A8FFBF4A58}.Release|x64.ActiveCfg = Release|Any CPU
		{135808A7-CE69-4C32-BE30-25A8FFBF4A58}.Release|x86.ActiveCfg = Release|Any CPU
		{CE712EAF-E5E8-462B-A6CB-4035A39305CB}.Ad-Hoc|Any CPU.ActiveCfg = Release|Any CPU
		{CE712EAF-E5E8-462B-A6CB-4035A39305CB}.Ad-Hoc|Any CPU.Build.0 = Release|Any CPU
		{CE712EAF-E5E8-462B-A6CB-4035A39305CB}.Ad-Hoc|ARM.ActiveCfg = Release|Any CPU
		{CE712EAF-E5E8-462B-A6CB-4035A39305CB}.Ad-Hoc|iPhone.ActiveCfg = Release|Any CPU
		{CE712EAF-E5E8-462B-A6CB-4035A39305CB}.Ad-Hoc|iPhoneSimulator.ActiveCfg = Release|Any CPU
		{CE712EAF-E5E8-462B-A6CB-4035A39305CB}.Ad-Hoc|Mixed Platforms.ActiveCfg = Release|Any CPU
		{CE712EAF-E5E8-462B-A6CB-4035A39305CB}.Ad-Hoc|Mixed Platforms.Build.0 = Release|Any CPU
		{CE712EAF-E5E8-462B-A6CB-4035A39305CB}.Ad-Hoc|x64.ActiveCfg = Release|Any CPU
		{CE712EAF-E5E8-462B-A6CB-4035A39305CB}.Ad-Hoc|x86.ActiveCfg = Release|Any CPU
		{CE712EAF-E5E8-462B-A6CB-4035A39305CB}.AppStore|Any CPU.ActiveCfg = Release|Any CPU
		{CE712EAF-E5E8-462B-A6CB-4035A39305CB}.AppStore|Any CPU.Build.0 = Release|Any CPU
		{CE712EAF-E5E8-462B-A6CB-4035A39305CB}.AppStore|ARM.ActiveCfg = Release|Any CPU
		{CE712EAF-E5E8-462B-A6CB-4035A39305CB}.AppStore|iPhone.ActiveCfg = Release|Any CPU
		{CE712EAF-E5E8-462B-A6CB-4035A39305CB}.AppStore|iPhoneSimulator.ActiveCfg = Release|Any CPU
		{CE712EAF-E5E8-462B-A6CB-4035A39305CB}.AppStore|Mixed Platforms.ActiveCfg = Release|Any CPU
		{CE712EAF-E5E8-462B-A6CB-4035A39305CB}.AppStore|Mixed Platforms.Build.0 = Release|Any CPU
		{CE712EAF-E5E8-462B-A6CB-4035A39305CB}.AppStore|x64.ActiveCfg = Release|Any CPU
		{CE712EAF-E5E8-462B-A6CB-4035A39305CB}.AppStore|x86.ActiveCfg = Release|Any CPU
		{CE712EAF-E5E8-462B-A6CB-4035A39305CB}.Debug|Any CPU.ActiveCfg = Debug|Any CPU
		{CE712EAF-E5E8-462B-A6CB-4035A39305CB}.Debug|Any CPU.Build.0 = Debug|Any CPU
		{CE712EAF-E5E8-462B-A6CB-4035A39305CB}.Debug|ARM.ActiveCfg = Debug|Any CPU
		{CE712EAF-E5E8-462B-A6CB-4035A39305CB}.Debug|iPhone.ActiveCfg = Debug|Any CPU
		{CE712EAF-E5E8-462B-A6CB-4035A39305CB}.Debug|iPhoneSimulator.ActiveCfg = Debug|Any CPU
		{CE712EAF-E5E8-462B-A6CB-4035A39305CB}.Debug|Mixed Platforms.ActiveCfg = Debug|Any CPU
		{CE712EAF-E5E8-462B-A6CB-4035A39305CB}.Debug|Mixed Platforms.Build.0 = Debug|Any CPU
		{CE712EAF-E5E8-462B-A6CB-4035A39305CB}.Debug|x64.ActiveCfg = Debug|Any CPU
		{CE712EAF-E5E8-462B-A6CB-4035A39305CB}.Debug|x86.ActiveCfg = Debug|Any CPU
		{CE712EAF-E5E8-462B-A6CB-4035A39305CB}.Release|Any CPU.ActiveCfg = Release|Any CPU
		{CE712EAF-E5E8-462B-A6CB-4035A39305CB}.Release|Any CPU.Build.0 = Release|Any CPU
		{CE712EAF-E5E8-462B-A6CB-4035A39305CB}.Release|ARM.ActiveCfg = Release|Any CPU
		{CE712EAF-E5E8-462B-A6CB-4035A39305CB}.Release|iPhone.ActiveCfg = Release|Any CPU
		{CE712EAF-E5E8-462B-A6CB-4035A39305CB}.Release|iPhoneSimulator.ActiveCfg = Release|Any CPU
		{CE712EAF-E5E8-462B-A6CB-4035A39305CB}.Release|Mixed Platforms.ActiveCfg = Release|Any CPU
		{CE712EAF-E5E8-462B-A6CB-4035A39305CB}.Release|Mixed Platforms.Build.0 = Release|Any CPU
		{CE712EAF-E5E8-462B-A6CB-4035A39305CB}.Release|x64.ActiveCfg = Release|Any CPU
		{CE712EAF-E5E8-462B-A6CB-4035A39305CB}.Release|x86.ActiveCfg = Release|Any CPU
		{2FC501AE-E06B-42CB-9188-07BAC1C86453}.Ad-Hoc|Any CPU.ActiveCfg = Release|Any CPU
		{2FC501AE-E06B-42CB-9188-07BAC1C86453}.Ad-Hoc|Any CPU.Build.0 = Release|Any CPU
		{2FC501AE-E06B-42CB-9188-07BAC1C86453}.Ad-Hoc|Any CPU.Deploy.0 = Release|Any CPU
		{2FC501AE-E06B-42CB-9188-07BAC1C86453}.Ad-Hoc|ARM.ActiveCfg = Release|Any CPU
		{2FC501AE-E06B-42CB-9188-07BAC1C86453}.Ad-Hoc|iPhone.ActiveCfg = Release|Any CPU
		{2FC501AE-E06B-42CB-9188-07BAC1C86453}.Ad-Hoc|iPhoneSimulator.ActiveCfg = Release|Any CPU
		{2FC501AE-E06B-42CB-9188-07BAC1C86453}.Ad-Hoc|Mixed Platforms.ActiveCfg = Release|Any CPU
		{2FC501AE-E06B-42CB-9188-07BAC1C86453}.Ad-Hoc|Mixed Platforms.Build.0 = Release|Any CPU
		{2FC501AE-E06B-42CB-9188-07BAC1C86453}.Ad-Hoc|Mixed Platforms.Deploy.0 = Release|Any CPU
		{2FC501AE-E06B-42CB-9188-07BAC1C86453}.Ad-Hoc|x64.ActiveCfg = Release|Any CPU
		{2FC501AE-E06B-42CB-9188-07BAC1C86453}.Ad-Hoc|x86.ActiveCfg = Release|Any CPU
		{2FC501AE-E06B-42CB-9188-07BAC1C86453}.AppStore|Any CPU.ActiveCfg = Release|Any CPU
		{2FC501AE-E06B-42CB-9188-07BAC1C86453}.AppStore|Any CPU.Build.0 = Release|Any CPU
		{2FC501AE-E06B-42CB-9188-07BAC1C86453}.AppStore|Any CPU.Deploy.0 = Release|Any CPU
		{2FC501AE-E06B-42CB-9188-07BAC1C86453}.AppStore|ARM.ActiveCfg = Release|Any CPU
		{2FC501AE-E06B-42CB-9188-07BAC1C86453}.AppStore|iPhone.ActiveCfg = Release|Any CPU
		{2FC501AE-E06B-42CB-9188-07BAC1C86453}.AppStore|iPhoneSimulator.ActiveCfg = Release|Any CPU
		{2FC501AE-E06B-42CB-9188-07BAC1C86453}.AppStore|Mixed Platforms.ActiveCfg = Release|Any CPU
		{2FC501AE-E06B-42CB-9188-07BAC1C86453}.AppStore|Mixed Platforms.Build.0 = Release|Any CPU
		{2FC501AE-E06B-42CB-9188-07BAC1C86453}.AppStore|Mixed Platforms.Deploy.0 = Release|Any CPU
		{2FC501AE-E06B-42CB-9188-07BAC1C86453}.AppStore|x64.ActiveCfg = Release|Any CPU
		{2FC501AE-E06B-42CB-9188-07BAC1C86453}.AppStore|x86.ActiveCfg = Release|Any CPU
		{2FC501AE-E06B-42CB-9188-07BAC1C86453}.Debug|Any CPU.ActiveCfg = Debug|Any CPU
		{2FC501AE-E06B-42CB-9188-07BAC1C86453}.Debug|Any CPU.Build.0 = Debug|Any CPU
		{2FC501AE-E06B-42CB-9188-07BAC1C86453}.Debug|Any CPU.Deploy.0 = Debug|Any CPU
		{2FC501AE-E06B-42CB-9188-07BAC1C86453}.Debug|ARM.ActiveCfg = Debug|Any CPU
		{2FC501AE-E06B-42CB-9188-07BAC1C86453}.Debug|iPhone.ActiveCfg = Debug|Any CPU
		{2FC501AE-E06B-42CB-9188-07BAC1C86453}.Debug|iPhoneSimulator.ActiveCfg = Debug|Any CPU
		{2FC501AE-E06B-42CB-9188-07BAC1C86453}.Debug|Mixed Platforms.ActiveCfg = Debug|Any CPU
		{2FC501AE-E06B-42CB-9188-07BAC1C86453}.Debug|Mixed Platforms.Build.0 = Debug|Any CPU
		{2FC501AE-E06B-42CB-9188-07BAC1C86453}.Debug|Mixed Platforms.Deploy.0 = Debug|Any CPU
		{2FC501AE-E06B-42CB-9188-07BAC1C86453}.Debug|x64.ActiveCfg = Debug|Any CPU
		{2FC501AE-E06B-42CB-9188-07BAC1C86453}.Debug|x86.ActiveCfg = Debug|Any CPU
		{2FC501AE-E06B-42CB-9188-07BAC1C86453}.Release|Any CPU.ActiveCfg = Release|Any CPU
		{2FC501AE-E06B-42CB-9188-07BAC1C86453}.Release|Any CPU.Build.0 = Release|Any CPU
		{2FC501AE-E06B-42CB-9188-07BAC1C86453}.Release|Any CPU.Deploy.0 = Release|Any CPU
		{2FC501AE-E06B-42CB-9188-07BAC1C86453}.Release|ARM.ActiveCfg = Release|Any CPU
		{2FC501AE-E06B-42CB-9188-07BAC1C86453}.Release|iPhone.ActiveCfg = Release|Any CPU
		{2FC501AE-E06B-42CB-9188-07BAC1C86453}.Release|iPhoneSimulator.ActiveCfg = Release|Any CPU
		{2FC501AE-E06B-42CB-9188-07BAC1C86453}.Release|Mixed Platforms.ActiveCfg = Release|Any CPU
		{2FC501AE-E06B-42CB-9188-07BAC1C86453}.Release|Mixed Platforms.Build.0 = Release|Any CPU
		{2FC501AE-E06B-42CB-9188-07BAC1C86453}.Release|Mixed Platforms.Deploy.0 = Release|Any CPU
		{2FC501AE-E06B-42CB-9188-07BAC1C86453}.Release|x64.ActiveCfg = Release|Any CPU
		{2FC501AE-E06B-42CB-9188-07BAC1C86453}.Release|x86.ActiveCfg = Release|Any CPU
		{20837D3A-FD17-4867-B242-00523A9252D4}.Ad-Hoc|Any CPU.ActiveCfg = Release|Any CPU
		{20837D3A-FD17-4867-B242-00523A9252D4}.Ad-Hoc|Any CPU.Build.0 = Release|Any CPU
		{20837D3A-FD17-4867-B242-00523A9252D4}.Ad-Hoc|ARM.ActiveCfg = Release|Any CPU
		{20837D3A-FD17-4867-B242-00523A9252D4}.Ad-Hoc|iPhone.ActiveCfg = Release|Any CPU
		{20837D3A-FD17-4867-B242-00523A9252D4}.Ad-Hoc|iPhoneSimulator.ActiveCfg = Release|Any CPU
		{20837D3A-FD17-4867-B242-00523A9252D4}.Ad-Hoc|Mixed Platforms.ActiveCfg = Release|Any CPU
		{20837D3A-FD17-4867-B242-00523A9252D4}.Ad-Hoc|Mixed Platforms.Build.0 = Release|Any CPU
		{20837D3A-FD17-4867-B242-00523A9252D4}.Ad-Hoc|x64.ActiveCfg = Release|Any CPU
		{20837D3A-FD17-4867-B242-00523A9252D4}.Ad-Hoc|x86.ActiveCfg = Release|Any CPU
		{20837D3A-FD17-4867-B242-00523A9252D4}.AppStore|Any CPU.ActiveCfg = Release|Any CPU
		{20837D3A-FD17-4867-B242-00523A9252D4}.AppStore|Any CPU.Build.0 = Release|Any CPU
		{20837D3A-FD17-4867-B242-00523A9252D4}.AppStore|ARM.ActiveCfg = Release|Any CPU
		{20837D3A-FD17-4867-B242-00523A9252D4}.AppStore|iPhone.ActiveCfg = Release|Any CPU
		{20837D3A-FD17-4867-B242-00523A9252D4}.AppStore|iPhoneSimulator.ActiveCfg = Release|Any CPU
		{20837D3A-FD17-4867-B242-00523A9252D4}.AppStore|Mixed Platforms.ActiveCfg = Release|Any CPU
		{20837D3A-FD17-4867-B242-00523A9252D4}.AppStore|Mixed Platforms.Build.0 = Release|Any CPU
		{20837D3A-FD17-4867-B242-00523A9252D4}.AppStore|x64.ActiveCfg = Release|Any CPU
		{20837D3A-FD17-4867-B242-00523A9252D4}.AppStore|x86.ActiveCfg = Release|Any CPU
		{20837D3A-FD17-4867-B242-00523A9252D4}.Debug|Any CPU.ActiveCfg = Debug|Any CPU
		{20837D3A-FD17-4867-B242-00523A9252D4}.Debug|Any CPU.Build.0 = Debug|Any CPU
		{20837D3A-FD17-4867-B242-00523A9252D4}.Debug|ARM.ActiveCfg = Debug|Any CPU
		{20837D3A-FD17-4867-B242-00523A9252D4}.Debug|iPhone.ActiveCfg = Debug|Any CPU
		{20837D3A-FD17-4867-B242-00523A9252D4}.Debug|iPhoneSimulator.ActiveCfg = Debug|Any CPU
		{20837D3A-FD17-4867-B242-00523A9252D4}.Debug|Mixed Platforms.ActiveCfg = Debug|Any CPU
		{20837D3A-FD17-4867-B242-00523A9252D4}.Debug|Mixed Platforms.Build.0 = Debug|Any CPU
		{20837D3A-FD17-4867-B242-00523A9252D4}.Debug|x64.ActiveCfg = Debug|Any CPU
		{20837D3A-FD17-4867-B242-00523A9252D4}.Debug|x86.ActiveCfg = Debug|Any CPU
		{20837D3A-FD17-4867-B242-00523A9252D4}.Release|Any CPU.ActiveCfg = Release|Any CPU
		{20837D3A-FD17-4867-B242-00523A9252D4}.Release|Any CPU.Build.0 = Release|Any CPU
		{20837D3A-FD17-4867-B242-00523A9252D4}.Release|ARM.ActiveCfg = Release|Any CPU
		{20837D3A-FD17-4867-B242-00523A9252D4}.Release|iPhone.ActiveCfg = Release|Any CPU
		{20837D3A-FD17-4867-B242-00523A9252D4}.Release|iPhoneSimulator.ActiveCfg = Release|Any CPU
		{20837D3A-FD17-4867-B242-00523A9252D4}.Release|Mixed Platforms.ActiveCfg = Release|Any CPU
		{20837D3A-FD17-4867-B242-00523A9252D4}.Release|Mixed Platforms.Build.0 = Release|Any CPU
		{20837D3A-FD17-4867-B242-00523A9252D4}.Release|x64.ActiveCfg = Release|Any CPU
		{20837D3A-FD17-4867-B242-00523A9252D4}.Release|x86.ActiveCfg = Release|Any CPU
		{F2A56C90-22D5-40CE-929B-38E04A708A1B}.Ad-Hoc|Any CPU.ActiveCfg = Release|Any CPU
		{F2A56C90-22D5-40CE-929B-38E04A708A1B}.Ad-Hoc|Any CPU.Build.0 = Release|Any CPU
		{F2A56C90-22D5-40CE-929B-38E04A708A1B}.Ad-Hoc|ARM.ActiveCfg = Release|Any CPU
		{F2A56C90-22D5-40CE-929B-38E04A708A1B}.Ad-Hoc|iPhone.ActiveCfg = Release|Any CPU
		{F2A56C90-22D5-40CE-929B-38E04A708A1B}.Ad-Hoc|iPhoneSimulator.ActiveCfg = Release|Any CPU
		{F2A56C90-22D5-40CE-929B-38E04A708A1B}.Ad-Hoc|Mixed Platforms.ActiveCfg = Release|Any CPU
		{F2A56C90-22D5-40CE-929B-38E04A708A1B}.Ad-Hoc|Mixed Platforms.Build.0 = Release|Any CPU
		{F2A56C90-22D5-40CE-929B-38E04A708A1B}.Ad-Hoc|x64.ActiveCfg = Release|Any CPU
		{F2A56C90-22D5-40CE-929B-38E04A708A1B}.Ad-Hoc|x86.ActiveCfg = Release|Any CPU
		{F2A56C90-22D5-40CE-929B-38E04A708A1B}.AppStore|Any CPU.ActiveCfg = Release|Any CPU
		{F2A56C90-22D5-40CE-929B-38E04A708A1B}.AppStore|Any CPU.Build.0 = Release|Any CPU
		{F2A56C90-22D5-40CE-929B-38E04A708A1B}.AppStore|ARM.ActiveCfg = Release|Any CPU
		{F2A56C90-22D5-40CE-929B-38E04A708A1B}.AppStore|iPhone.ActiveCfg = Release|Any CPU
		{F2A56C90-22D5-40CE-929B-38E04A708A1B}.AppStore|iPhoneSimulator.ActiveCfg = Release|Any CPU
		{F2A56C90-22D5-40CE-929B-38E04A708A1B}.AppStore|Mixed Platforms.ActiveCfg = Release|Any CPU
		{F2A56C90-22D5-40CE-929B-38E04A708A1B}.AppStore|Mixed Platforms.Build.0 = Release|Any CPU
		{F2A56C90-22D5-40CE-929B-38E04A708A1B}.AppStore|x64.ActiveCfg = Release|Any CPU
		{F2A56C90-22D5-40CE-929B-38E04A708A1B}.AppStore|x86.ActiveCfg = Release|Any CPU
		{F2A56C90-22D5-40CE-929B-38E04A708A1B}.Debug|Any CPU.ActiveCfg = Debug|Any CPU
		{F2A56C90-22D5-40CE-929B-38E04A708A1B}.Debug|Any CPU.Build.0 = Debug|Any CPU
		{F2A56C90-22D5-40CE-929B-38E04A708A1B}.Debug|ARM.ActiveCfg = Debug|Any CPU
		{F2A56C90-22D5-40CE-929B-38E04A708A1B}.Debug|iPhone.ActiveCfg = Debug|Any CPU
		{F2A56C90-22D5-40CE-929B-38E04A708A1B}.Debug|iPhoneSimulator.ActiveCfg = Debug|Any CPU
		{F2A56C90-22D5-40CE-929B-38E04A708A1B}.Debug|Mixed Platforms.ActiveCfg = Debug|Any CPU
		{F2A56C90-22D5-40CE-929B-38E04A708A1B}.Debug|Mixed Platforms.Build.0 = Debug|Any CPU
		{F2A56C90-22D5-40CE-929B-38E04A708A1B}.Debug|x64.ActiveCfg = Debug|Any CPU
		{F2A56C90-22D5-40CE-929B-38E04A708A1B}.Debug|x86.ActiveCfg = Debug|Any CPU
		{F2A56C90-22D5-40CE-929B-38E04A708A1B}.Release|Any CPU.ActiveCfg = Release|Any CPU
		{F2A56C90-22D5-40CE-929B-38E04A708A1B}.Release|Any CPU.Build.0 = Release|Any CPU
		{F2A56C90-22D5-40CE-929B-38E04A708A1B}.Release|ARM.ActiveCfg = Release|Any CPU
		{F2A56C90-22D5-40CE-929B-38E04A708A1B}.Release|iPhone.ActiveCfg = Release|Any CPU
		{F2A56C90-22D5-40CE-929B-38E04A708A1B}.Release|iPhoneSimulator.ActiveCfg = Release|Any CPU
		{F2A56C90-22D5-40CE-929B-38E04A708A1B}.Release|Mixed Platforms.ActiveCfg = Release|Any CPU
		{F2A56C90-22D5-40CE-929B-38E04A708A1B}.Release|Mixed Platforms.Build.0 = Release|Any CPU
		{F2A56C90-22D5-40CE-929B-38E04A708A1B}.Release|x64.ActiveCfg = Release|Any CPU
		{F2A56C90-22D5-40CE-929B-38E04A708A1B}.Release|x86.ActiveCfg = Release|Any CPU
		{579491A6-C4C9-4A2A-8940-204279B74413}.Ad-Hoc|Any CPU.ActiveCfg = Release|Any CPU
		{579491A6-C4C9-4A2A-8940-204279B74413}.Ad-Hoc|Any CPU.Build.0 = Release|Any CPU
		{579491A6-C4C9-4A2A-8940-204279B74413}.Ad-Hoc|ARM.ActiveCfg = Release|Any CPU
		{579491A6-C4C9-4A2A-8940-204279B74413}.Ad-Hoc|iPhone.ActiveCfg = Release|Any CPU
		{579491A6-C4C9-4A2A-8940-204279B74413}.Ad-Hoc|iPhoneSimulator.ActiveCfg = Release|Any CPU
		{579491A6-C4C9-4A2A-8940-204279B74413}.Ad-Hoc|Mixed Platforms.ActiveCfg = Release|Any CPU
		{579491A6-C4C9-4A2A-8940-204279B74413}.Ad-Hoc|Mixed Platforms.Build.0 = Release|Any CPU
		{579491A6-C4C9-4A2A-8940-204279B74413}.Ad-Hoc|x64.ActiveCfg = Release|Any CPU
		{579491A6-C4C9-4A2A-8940-204279B74413}.Ad-Hoc|x86.ActiveCfg = Release|Any CPU
		{579491A6-C4C9-4A2A-8940-204279B74413}.AppStore|Any CPU.ActiveCfg = Release|Any CPU
		{579491A6-C4C9-4A2A-8940-204279B74413}.AppStore|Any CPU.Build.0 = Release|Any CPU
		{579491A6-C4C9-4A2A-8940-204279B74413}.AppStore|ARM.ActiveCfg = Release|Any CPU
		{579491A6-C4C9-4A2A-8940-204279B74413}.AppStore|iPhone.ActiveCfg = Release|Any CPU
		{579491A6-C4C9-4A2A-8940-204279B74413}.AppStore|iPhoneSimulator.ActiveCfg = Release|Any CPU
		{579491A6-C4C9-4A2A-8940-204279B74413}.AppStore|Mixed Platforms.ActiveCfg = Release|Any CPU
		{579491A6-C4C9-4A2A-8940-204279B74413}.AppStore|Mixed Platforms.Build.0 = Release|Any CPU
		{579491A6-C4C9-4A2A-8940-204279B74413}.AppStore|x64.ActiveCfg = Release|Any CPU
		{579491A6-C4C9-4A2A-8940-204279B74413}.AppStore|x86.ActiveCfg = Release|Any CPU
		{579491A6-C4C9-4A2A-8940-204279B74413}.Debug|Any CPU.ActiveCfg = Debug|Any CPU
		{579491A6-C4C9-4A2A-8940-204279B74413}.Debug|Any CPU.Build.0 = Debug|Any CPU
		{579491A6-C4C9-4A2A-8940-204279B74413}.Debug|ARM.ActiveCfg = Debug|Any CPU
		{579491A6-C4C9-4A2A-8940-204279B74413}.Debug|iPhone.ActiveCfg = Debug|Any CPU
		{579491A6-C4C9-4A2A-8940-204279B74413}.Debug|iPhoneSimulator.ActiveCfg = Debug|Any CPU
		{579491A6-C4C9-4A2A-8940-204279B74413}.Debug|Mixed Platforms.ActiveCfg = Debug|Any CPU
		{579491A6-C4C9-4A2A-8940-204279B74413}.Debug|Mixed Platforms.Build.0 = Debug|Any CPU
		{579491A6-C4C9-4A2A-8940-204279B74413}.Debug|x64.ActiveCfg = Debug|Any CPU
		{579491A6-C4C9-4A2A-8940-204279B74413}.Debug|x86.ActiveCfg = Debug|Any CPU
		{579491A6-C4C9-4A2A-8940-204279B74413}.Release|Any CPU.ActiveCfg = Release|Any CPU
		{579491A6-C4C9-4A2A-8940-204279B74413}.Release|Any CPU.Build.0 = Release|Any CPU
		{579491A6-C4C9-4A2A-8940-204279B74413}.Release|ARM.ActiveCfg = Release|Any CPU
		{579491A6-C4C9-4A2A-8940-204279B74413}.Release|iPhone.ActiveCfg = Release|Any CPU
		{579491A6-C4C9-4A2A-8940-204279B74413}.Release|iPhoneSimulator.ActiveCfg = Release|Any CPU
		{579491A6-C4C9-4A2A-8940-204279B74413}.Release|Mixed Platforms.ActiveCfg = Release|Any CPU
		{579491A6-C4C9-4A2A-8940-204279B74413}.Release|Mixed Platforms.Build.0 = Release|Any CPU
		{579491A6-C4C9-4A2A-8940-204279B74413}.Release|x64.ActiveCfg = Release|Any CPU
		{579491A6-C4C9-4A2A-8940-204279B74413}.Release|x86.ActiveCfg = Release|Any CPU
		{3F246BD3-8D56-43AC-84AD-681371A9D6A9}.Ad-Hoc|Any CPU.ActiveCfg = Release|Any CPU
		{3F246BD3-8D56-43AC-84AD-681371A9D6A9}.Ad-Hoc|Any CPU.Build.0 = Release|Any CPU
		{3F246BD3-8D56-43AC-84AD-681371A9D6A9}.Ad-Hoc|ARM.ActiveCfg = Release|ARM
		{3F246BD3-8D56-43AC-84AD-681371A9D6A9}.Ad-Hoc|ARM.Build.0 = Release|ARM
		{3F246BD3-8D56-43AC-84AD-681371A9D6A9}.Ad-Hoc|iPhone.ActiveCfg = Release|Any CPU
		{3F246BD3-8D56-43AC-84AD-681371A9D6A9}.Ad-Hoc|iPhoneSimulator.ActiveCfg = Release|Any CPU
		{3F246BD3-8D56-43AC-84AD-681371A9D6A9}.Ad-Hoc|Mixed Platforms.ActiveCfg = Release|x86
		{3F246BD3-8D56-43AC-84AD-681371A9D6A9}.Ad-Hoc|Mixed Platforms.Build.0 = Release|x86
		{3F246BD3-8D56-43AC-84AD-681371A9D6A9}.Ad-Hoc|x64.ActiveCfg = Release|x64
		{3F246BD3-8D56-43AC-84AD-681371A9D6A9}.Ad-Hoc|x64.Build.0 = Release|x64
		{3F246BD3-8D56-43AC-84AD-681371A9D6A9}.Ad-Hoc|x86.ActiveCfg = Release|x86
		{3F246BD3-8D56-43AC-84AD-681371A9D6A9}.Ad-Hoc|x86.Build.0 = Release|x86
		{3F246BD3-8D56-43AC-84AD-681371A9D6A9}.AppStore|Any CPU.ActiveCfg = Release|Any CPU
		{3F246BD3-8D56-43AC-84AD-681371A9D6A9}.AppStore|Any CPU.Build.0 = Release|Any CPU
		{3F246BD3-8D56-43AC-84AD-681371A9D6A9}.AppStore|ARM.ActiveCfg = Release|ARM
		{3F246BD3-8D56-43AC-84AD-681371A9D6A9}.AppStore|ARM.Build.0 = Release|ARM
		{3F246BD3-8D56-43AC-84AD-681371A9D6A9}.AppStore|iPhone.ActiveCfg = Release|Any CPU
		{3F246BD3-8D56-43AC-84AD-681371A9D6A9}.AppStore|iPhoneSimulator.ActiveCfg = Release|Any CPU
		{3F246BD3-8D56-43AC-84AD-681371A9D6A9}.AppStore|Mixed Platforms.ActiveCfg = Release|x86
		{3F246BD3-8D56-43AC-84AD-681371A9D6A9}.AppStore|Mixed Platforms.Build.0 = Release|x86
		{3F246BD3-8D56-43AC-84AD-681371A9D6A9}.AppStore|x64.ActiveCfg = Release|x64
		{3F246BD3-8D56-43AC-84AD-681371A9D6A9}.AppStore|x64.Build.0 = Release|x64
		{3F246BD3-8D56-43AC-84AD-681371A9D6A9}.AppStore|x86.ActiveCfg = Release|x86
		{3F246BD3-8D56-43AC-84AD-681371A9D6A9}.AppStore|x86.Build.0 = Release|x86
		{3F246BD3-8D56-43AC-84AD-681371A9D6A9}.Debug|Any CPU.ActiveCfg = Debug|Any CPU
		{3F246BD3-8D56-43AC-84AD-681371A9D6A9}.Debug|Any CPU.Build.0 = Debug|Any CPU
		{3F246BD3-8D56-43AC-84AD-681371A9D6A9}.Debug|ARM.ActiveCfg = Debug|ARM
		{3F246BD3-8D56-43AC-84AD-681371A9D6A9}.Debug|ARM.Build.0 = Debug|ARM
		{3F246BD3-8D56-43AC-84AD-681371A9D6A9}.Debug|iPhone.ActiveCfg = Debug|Any CPU
		{3F246BD3-8D56-43AC-84AD-681371A9D6A9}.Debug|iPhoneSimulator.ActiveCfg = Debug|Any CPU
		{3F246BD3-8D56-43AC-84AD-681371A9D6A9}.Debug|Mixed Platforms.ActiveCfg = Debug|x86
		{3F246BD3-8D56-43AC-84AD-681371A9D6A9}.Debug|Mixed Platforms.Build.0 = Debug|x86
		{3F246BD3-8D56-43AC-84AD-681371A9D6A9}.Debug|x64.ActiveCfg = Debug|x64
		{3F246BD3-8D56-43AC-84AD-681371A9D6A9}.Debug|x64.Build.0 = Debug|x64
		{3F246BD3-8D56-43AC-84AD-681371A9D6A9}.Debug|x86.ActiveCfg = Debug|x86
		{3F246BD3-8D56-43AC-84AD-681371A9D6A9}.Debug|x86.Build.0 = Debug|x86
		{3F246BD3-8D56-43AC-84AD-681371A9D6A9}.Release|Any CPU.ActiveCfg = Release|Any CPU
		{3F246BD3-8D56-43AC-84AD-681371A9D6A9}.Release|Any CPU.Build.0 = Release|Any CPU
		{3F246BD3-8D56-43AC-84AD-681371A9D6A9}.Release|ARM.ActiveCfg = Release|ARM
		{3F246BD3-8D56-43AC-84AD-681371A9D6A9}.Release|ARM.Build.0 = Release|ARM
		{3F246BD3-8D56-43AC-84AD-681371A9D6A9}.Release|iPhone.ActiveCfg = Release|Any CPU
		{3F246BD3-8D56-43AC-84AD-681371A9D6A9}.Release|iPhoneSimulator.ActiveCfg = Release|Any CPU
		{3F246BD3-8D56-43AC-84AD-681371A9D6A9}.Release|Mixed Platforms.ActiveCfg = Release|Any CPU
		{3F246BD3-8D56-43AC-84AD-681371A9D6A9}.Release|Mixed Platforms.Build.0 = Release|Any CPU
		{3F246BD3-8D56-43AC-84AD-681371A9D6A9}.Release|x64.ActiveCfg = Release|x64
		{3F246BD3-8D56-43AC-84AD-681371A9D6A9}.Release|x64.Build.0 = Release|x64
		{3F246BD3-8D56-43AC-84AD-681371A9D6A9}.Release|x86.ActiveCfg = Release|x86
		{3F246BD3-8D56-43AC-84AD-681371A9D6A9}.Release|x86.Build.0 = Release|x86
		{C2B06B5C-6D70-4160-8DBE-5FEBE293F274}.Ad-Hoc|Any CPU.ActiveCfg = Release|Any CPU
		{C2B06B5C-6D70-4160-8DBE-5FEBE293F274}.Ad-Hoc|Any CPU.Build.0 = Release|Any CPU
		{C2B06B5C-6D70-4160-8DBE-5FEBE293F274}.Ad-Hoc|Any CPU.Deploy.0 = Release|Any CPU
		{C2B06B5C-6D70-4160-8DBE-5FEBE293F274}.Ad-Hoc|ARM.ActiveCfg = Release|ARM
		{C2B06B5C-6D70-4160-8DBE-5FEBE293F274}.Ad-Hoc|ARM.Build.0 = Release|ARM
		{C2B06B5C-6D70-4160-8DBE-5FEBE293F274}.Ad-Hoc|ARM.Deploy.0 = Release|ARM
		{C2B06B5C-6D70-4160-8DBE-5FEBE293F274}.Ad-Hoc|iPhone.ActiveCfg = Release|Any CPU
		{C2B06B5C-6D70-4160-8DBE-5FEBE293F274}.Ad-Hoc|iPhoneSimulator.ActiveCfg = Release|Any CPU
		{C2B06B5C-6D70-4160-8DBE-5FEBE293F274}.Ad-Hoc|Mixed Platforms.ActiveCfg = Release|x86
		{C2B06B5C-6D70-4160-8DBE-5FEBE293F274}.Ad-Hoc|Mixed Platforms.Build.0 = Release|x86
		{C2B06B5C-6D70-4160-8DBE-5FEBE293F274}.Ad-Hoc|Mixed Platforms.Deploy.0 = Release|x86
		{C2B06B5C-6D70-4160-8DBE-5FEBE293F274}.Ad-Hoc|x64.ActiveCfg = Release|x64
		{C2B06B5C-6D70-4160-8DBE-5FEBE293F274}.Ad-Hoc|x64.Build.0 = Release|x64
		{C2B06B5C-6D70-4160-8DBE-5FEBE293F274}.Ad-Hoc|x64.Deploy.0 = Release|x64
		{C2B06B5C-6D70-4160-8DBE-5FEBE293F274}.Ad-Hoc|x86.ActiveCfg = Release|x86
		{C2B06B5C-6D70-4160-8DBE-5FEBE293F274}.Ad-Hoc|x86.Build.0 = Release|x86
		{C2B06B5C-6D70-4160-8DBE-5FEBE293F274}.Ad-Hoc|x86.Deploy.0 = Release|x86
		{C2B06B5C-6D70-4160-8DBE-5FEBE293F274}.AppStore|Any CPU.ActiveCfg = Release|Any CPU
		{C2B06B5C-6D70-4160-8DBE-5FEBE293F274}.AppStore|Any CPU.Build.0 = Release|Any CPU
		{C2B06B5C-6D70-4160-8DBE-5FEBE293F274}.AppStore|Any CPU.Deploy.0 = Release|Any CPU
		{C2B06B5C-6D70-4160-8DBE-5FEBE293F274}.AppStore|ARM.ActiveCfg = Release|ARM
		{C2B06B5C-6D70-4160-8DBE-5FEBE293F274}.AppStore|ARM.Build.0 = Release|ARM
		{C2B06B5C-6D70-4160-8DBE-5FEBE293F274}.AppStore|ARM.Deploy.0 = Release|ARM
		{C2B06B5C-6D70-4160-8DBE-5FEBE293F274}.AppStore|iPhone.ActiveCfg = Release|Any CPU
		{C2B06B5C-6D70-4160-8DBE-5FEBE293F274}.AppStore|iPhoneSimulator.ActiveCfg = Release|Any CPU
		{C2B06B5C-6D70-4160-8DBE-5FEBE293F274}.AppStore|Mixed Platforms.ActiveCfg = Release|x86
		{C2B06B5C-6D70-4160-8DBE-5FEBE293F274}.AppStore|Mixed Platforms.Build.0 = Release|x86
		{C2B06B5C-6D70-4160-8DBE-5FEBE293F274}.AppStore|Mixed Platforms.Deploy.0 = Release|x86
		{C2B06B5C-6D70-4160-8DBE-5FEBE293F274}.AppStore|x64.ActiveCfg = Release|x64
		{C2B06B5C-6D70-4160-8DBE-5FEBE293F274}.AppStore|x64.Build.0 = Release|x64
		{C2B06B5C-6D70-4160-8DBE-5FEBE293F274}.AppStore|x64.Deploy.0 = Release|x64
		{C2B06B5C-6D70-4160-8DBE-5FEBE293F274}.AppStore|x86.ActiveCfg = Release|x86
		{C2B06B5C-6D70-4160-8DBE-5FEBE293F274}.AppStore|x86.Build.0 = Release|x86
		{C2B06B5C-6D70-4160-8DBE-5FEBE293F274}.AppStore|x86.Deploy.0 = Release|x86
		{C2B06B5C-6D70-4160-8DBE-5FEBE293F274}.Debug|Any CPU.ActiveCfg = Debug|Any CPU
		{C2B06B5C-6D70-4160-8DBE-5FEBE293F274}.Debug|Any CPU.Build.0 = Debug|Any CPU
		{C2B06B5C-6D70-4160-8DBE-5FEBE293F274}.Debug|Any CPU.Deploy.0 = Debug|Any CPU
		{C2B06B5C-6D70-4160-8DBE-5FEBE293F274}.Debug|ARM.ActiveCfg = Debug|ARM
		{C2B06B5C-6D70-4160-8DBE-5FEBE293F274}.Debug|ARM.Build.0 = Debug|ARM
		{C2B06B5C-6D70-4160-8DBE-5FEBE293F274}.Debug|ARM.Deploy.0 = Debug|ARM
		{C2B06B5C-6D70-4160-8DBE-5FEBE293F274}.Debug|iPhone.ActiveCfg = Debug|Any CPU
		{C2B06B5C-6D70-4160-8DBE-5FEBE293F274}.Debug|iPhoneSimulator.ActiveCfg = Debug|Any CPU
		{C2B06B5C-6D70-4160-8DBE-5FEBE293F274}.Debug|Mixed Platforms.ActiveCfg = Debug|x86
		{C2B06B5C-6D70-4160-8DBE-5FEBE293F274}.Debug|Mixed Platforms.Build.0 = Debug|x86
		{C2B06B5C-6D70-4160-8DBE-5FEBE293F274}.Debug|Mixed Platforms.Deploy.0 = Debug|x86
		{C2B06B5C-6D70-4160-8DBE-5FEBE293F274}.Debug|x64.ActiveCfg = Debug|x64
		{C2B06B5C-6D70-4160-8DBE-5FEBE293F274}.Debug|x64.Build.0 = Debug|x64
		{C2B06B5C-6D70-4160-8DBE-5FEBE293F274}.Debug|x64.Deploy.0 = Debug|x64
		{C2B06B5C-6D70-4160-8DBE-5FEBE293F274}.Debug|x86.ActiveCfg = Debug|x86
		{C2B06B5C-6D70-4160-8DBE-5FEBE293F274}.Debug|x86.Build.0 = Debug|x86
		{C2B06B5C-6D70-4160-8DBE-5FEBE293F274}.Debug|x86.Deploy.0 = Debug|x86
		{C2B06B5C-6D70-4160-8DBE-5FEBE293F274}.Release|Any CPU.ActiveCfg = Release|Any CPU
		{C2B06B5C-6D70-4160-8DBE-5FEBE293F274}.Release|Any CPU.Build.0 = Release|Any CPU
		{C2B06B5C-6D70-4160-8DBE-5FEBE293F274}.Release|Any CPU.Deploy.0 = Release|Any CPU
		{C2B06B5C-6D70-4160-8DBE-5FEBE293F274}.Release|ARM.ActiveCfg = Release|ARM
		{C2B06B5C-6D70-4160-8DBE-5FEBE293F274}.Release|ARM.Build.0 = Release|ARM
		{C2B06B5C-6D70-4160-8DBE-5FEBE293F274}.Release|ARM.Deploy.0 = Release|ARM
		{C2B06B5C-6D70-4160-8DBE-5FEBE293F274}.Release|iPhone.ActiveCfg = Release|Any CPU
		{C2B06B5C-6D70-4160-8DBE-5FEBE293F274}.Release|iPhoneSimulator.ActiveCfg = Release|Any CPU
		{C2B06B5C-6D70-4160-8DBE-5FEBE293F274}.Release|Mixed Platforms.ActiveCfg = Release|Any CPU
		{C2B06B5C-6D70-4160-8DBE-5FEBE293F274}.Release|Mixed Platforms.Build.0 = Release|Any CPU
		{C2B06B5C-6D70-4160-8DBE-5FEBE293F274}.Release|Mixed Platforms.Deploy.0 = Release|Any CPU
		{C2B06B5C-6D70-4160-8DBE-5FEBE293F274}.Release|x64.ActiveCfg = Release|x64
		{C2B06B5C-6D70-4160-8DBE-5FEBE293F274}.Release|x64.Build.0 = Release|x64
		{C2B06B5C-6D70-4160-8DBE-5FEBE293F274}.Release|x64.Deploy.0 = Release|x64
		{C2B06B5C-6D70-4160-8DBE-5FEBE293F274}.Release|x86.ActiveCfg = Release|x86
		{C2B06B5C-6D70-4160-8DBE-5FEBE293F274}.Release|x86.Build.0 = Release|x86
		{C2B06B5C-6D70-4160-8DBE-5FEBE293F274}.Release|x86.Deploy.0 = Release|x86
		{7BA60DEE-7283-44BA-9BB7-53A797F19499}.Ad-Hoc|Any CPU.ActiveCfg = Release|Any CPU
		{7BA60DEE-7283-44BA-9BB7-53A797F19499}.Ad-Hoc|Any CPU.Build.0 = Release|Any CPU
		{7BA60DEE-7283-44BA-9BB7-53A797F19499}.Ad-Hoc|ARM.ActiveCfg = Release|Any CPU
		{7BA60DEE-7283-44BA-9BB7-53A797F19499}.Ad-Hoc|iPhone.ActiveCfg = Release|Any CPU
		{7BA60DEE-7283-44BA-9BB7-53A797F19499}.Ad-Hoc|iPhoneSimulator.ActiveCfg = Release|Any CPU
		{7BA60DEE-7283-44BA-9BB7-53A797F19499}.Ad-Hoc|Mixed Platforms.ActiveCfg = Release|Any CPU
		{7BA60DEE-7283-44BA-9BB7-53A797F19499}.Ad-Hoc|Mixed Platforms.Build.0 = Release|Any CPU
		{7BA60DEE-7283-44BA-9BB7-53A797F19499}.Ad-Hoc|x64.ActiveCfg = Release|Any CPU
		{7BA60DEE-7283-44BA-9BB7-53A797F19499}.Ad-Hoc|x86.ActiveCfg = Release|Any CPU
		{7BA60DEE-7283-44BA-9BB7-53A797F19499}.AppStore|Any CPU.ActiveCfg = Release|Any CPU
		{7BA60DEE-7283-44BA-9BB7-53A797F19499}.AppStore|Any CPU.Build.0 = Release|Any CPU
		{7BA60DEE-7283-44BA-9BB7-53A797F19499}.AppStore|ARM.ActiveCfg = Release|Any CPU
		{7BA60DEE-7283-44BA-9BB7-53A797F19499}.AppStore|iPhone.ActiveCfg = Release|Any CPU
		{7BA60DEE-7283-44BA-9BB7-53A797F19499}.AppStore|iPhoneSimulator.ActiveCfg = Release|Any CPU
		{7BA60DEE-7283-44BA-9BB7-53A797F19499}.AppStore|Mixed Platforms.ActiveCfg = Release|Any CPU
		{7BA60DEE-7283-44BA-9BB7-53A797F19499}.AppStore|Mixed Platforms.Build.0 = Release|Any CPU
		{7BA60DEE-7283-44BA-9BB7-53A797F19499}.AppStore|x64.ActiveCfg = Release|Any CPU
		{7BA60DEE-7283-44BA-9BB7-53A797F19499}.AppStore|x86.ActiveCfg = Release|Any CPU
		{7BA60DEE-7283-44BA-9BB7-53A797F19499}.Debug|Any CPU.ActiveCfg = Debug|Any CPU
		{7BA60DEE-7283-44BA-9BB7-53A797F19499}.Debug|Any CPU.Build.0 = Debug|Any CPU
		{7BA60DEE-7283-44BA-9BB7-53A797F19499}.Debug|ARM.ActiveCfg = Debug|Any CPU
		{7BA60DEE-7283-44BA-9BB7-53A797F19499}.Debug|iPhone.ActiveCfg = Debug|Any CPU
		{7BA60DEE-7283-44BA-9BB7-53A797F19499}.Debug|iPhoneSimulator.ActiveCfg = Debug|Any CPU
		{7BA60DEE-7283-44BA-9BB7-53A797F19499}.Debug|Mixed Platforms.ActiveCfg = Debug|Any CPU
		{7BA60DEE-7283-44BA-9BB7-53A797F19499}.Debug|Mixed Platforms.Build.0 = Debug|Any CPU
		{7BA60DEE-7283-44BA-9BB7-53A797F19499}.Debug|x64.ActiveCfg = Debug|Any CPU
		{7BA60DEE-7283-44BA-9BB7-53A797F19499}.Debug|x86.ActiveCfg = Debug|Any CPU
		{7BA60DEE-7283-44BA-9BB7-53A797F19499}.Release|Any CPU.ActiveCfg = Release|Any CPU
		{7BA60DEE-7283-44BA-9BB7-53A797F19499}.Release|Any CPU.Build.0 = Release|Any CPU
		{7BA60DEE-7283-44BA-9BB7-53A797F19499}.Release|ARM.ActiveCfg = Release|Any CPU
		{7BA60DEE-7283-44BA-9BB7-53A797F19499}.Release|iPhone.ActiveCfg = Release|Any CPU
		{7BA60DEE-7283-44BA-9BB7-53A797F19499}.Release|iPhoneSimulator.ActiveCfg = Release|Any CPU
		{7BA60DEE-7283-44BA-9BB7-53A797F19499}.Release|Mixed Platforms.ActiveCfg = Release|Any CPU
		{7BA60DEE-7283-44BA-9BB7-53A797F19499}.Release|Mixed Platforms.Build.0 = Release|Any CPU
		{7BA60DEE-7283-44BA-9BB7-53A797F19499}.Release|x64.ActiveCfg = Release|Any CPU
		{7BA60DEE-7283-44BA-9BB7-53A797F19499}.Release|x86.ActiveCfg = Release|Any CPU
		{99D4E441-2BF2-4F4C-AA0C-25211A3FACC1}.Ad-Hoc|Any CPU.ActiveCfg = Ad-Hoc|iPhone
		{99D4E441-2BF2-4F4C-AA0C-25211A3FACC1}.Ad-Hoc|ARM.ActiveCfg = Ad-Hoc|iPhone
		{99D4E441-2BF2-4F4C-AA0C-25211A3FACC1}.Ad-Hoc|iPhone.ActiveCfg = Ad-Hoc|iPhone
		{99D4E441-2BF2-4F4C-AA0C-25211A3FACC1}.Ad-Hoc|iPhone.Build.0 = Ad-Hoc|iPhone
		{99D4E441-2BF2-4F4C-AA0C-25211A3FACC1}.Ad-Hoc|iPhoneSimulator.ActiveCfg = Ad-Hoc|iPhoneSimulator
		{99D4E441-2BF2-4F4C-AA0C-25211A3FACC1}.Ad-Hoc|iPhoneSimulator.Build.0 = Ad-Hoc|iPhoneSimulator
		{99D4E441-2BF2-4F4C-AA0C-25211A3FACC1}.Ad-Hoc|Mixed Platforms.ActiveCfg = Ad-Hoc|iPhone
		{99D4E441-2BF2-4F4C-AA0C-25211A3FACC1}.Ad-Hoc|Mixed Platforms.Build.0 = Ad-Hoc|iPhone
		{99D4E441-2BF2-4F4C-AA0C-25211A3FACC1}.Ad-Hoc|x64.ActiveCfg = Ad-Hoc|iPhone
		{99D4E441-2BF2-4F4C-AA0C-25211A3FACC1}.Ad-Hoc|x86.ActiveCfg = Ad-Hoc|iPhone
		{99D4E441-2BF2-4F4C-AA0C-25211A3FACC1}.AppStore|Any CPU.ActiveCfg = AppStore|iPhone
		{99D4E441-2BF2-4F4C-AA0C-25211A3FACC1}.AppStore|ARM.ActiveCfg = AppStore|iPhone
		{99D4E441-2BF2-4F4C-AA0C-25211A3FACC1}.AppStore|iPhone.ActiveCfg = AppStore|iPhone
		{99D4E441-2BF2-4F4C-AA0C-25211A3FACC1}.AppStore|iPhone.Build.0 = AppStore|iPhone
		{99D4E441-2BF2-4F4C-AA0C-25211A3FACC1}.AppStore|iPhoneSimulator.ActiveCfg = AppStore|iPhoneSimulator
		{99D4E441-2BF2-4F4C-AA0C-25211A3FACC1}.AppStore|iPhoneSimulator.Build.0 = AppStore|iPhoneSimulator
		{99D4E441-2BF2-4F4C-AA0C-25211A3FACC1}.AppStore|Mixed Platforms.ActiveCfg = AppStore|iPhone
		{99D4E441-2BF2-4F4C-AA0C-25211A3FACC1}.AppStore|Mixed Platforms.Build.0 = AppStore|iPhone
		{99D4E441-2BF2-4F4C-AA0C-25211A3FACC1}.AppStore|x64.ActiveCfg = AppStore|iPhone
		{99D4E441-2BF2-4F4C-AA0C-25211A3FACC1}.AppStore|x86.ActiveCfg = AppStore|iPhone
		{99D4E441-2BF2-4F4C-AA0C-25211A3FACC1}.Debug|Any CPU.ActiveCfg = Debug|iPhone
		{99D4E441-2BF2-4F4C-AA0C-25211A3FACC1}.Debug|ARM.ActiveCfg = Debug|iPhone
		{99D4E441-2BF2-4F4C-AA0C-25211A3FACC1}.Debug|iPhone.ActiveCfg = Debug|iPhone
		{99D4E441-2BF2-4F4C-AA0C-25211A3FACC1}.Debug|iPhone.Build.0 = Debug|iPhone
		{99D4E441-2BF2-4F4C-AA0C-25211A3FACC1}.Debug|iPhoneSimulator.ActiveCfg = Debug|iPhoneSimulator
		{99D4E441-2BF2-4F4C-AA0C-25211A3FACC1}.Debug|iPhoneSimulator.Build.0 = Debug|iPhoneSimulator
		{99D4E441-2BF2-4F4C-AA0C-25211A3FACC1}.Debug|Mixed Platforms.ActiveCfg = Debug|iPhone
		{99D4E441-2BF2-4F4C-AA0C-25211A3FACC1}.Debug|Mixed Platforms.Build.0 = Debug|iPhone
		{99D4E441-2BF2-4F4C-AA0C-25211A3FACC1}.Debug|x64.ActiveCfg = Debug|iPhone
		{99D4E441-2BF2-4F4C-AA0C-25211A3FACC1}.Debug|x86.ActiveCfg = Debug|iPhone
		{99D4E441-2BF2-4F4C-AA0C-25211A3FACC1}.Release|Any CPU.ActiveCfg = Release|iPhone
		{99D4E441-2BF2-4F4C-AA0C-25211A3FACC1}.Release|ARM.ActiveCfg = Release|iPhone
		{99D4E441-2BF2-4F4C-AA0C-25211A3FACC1}.Release|iPhone.ActiveCfg = Release|iPhone
		{99D4E441-2BF2-4F4C-AA0C-25211A3FACC1}.Release|iPhone.Build.0 = Release|iPhone
		{99D4E441-2BF2-4F4C-AA0C-25211A3FACC1}.Release|iPhoneSimulator.ActiveCfg = Release|iPhoneSimulator
		{99D4E441-2BF2-4F4C-AA0C-25211A3FACC1}.Release|iPhoneSimulator.Build.0 = Release|iPhoneSimulator
		{99D4E441-2BF2-4F4C-AA0C-25211A3FACC1}.Release|Mixed Platforms.ActiveCfg = Release|iPhone
		{99D4E441-2BF2-4F4C-AA0C-25211A3FACC1}.Release|Mixed Platforms.Build.0 = Release|iPhone
		{99D4E441-2BF2-4F4C-AA0C-25211A3FACC1}.Release|x64.ActiveCfg = Release|iPhone
		{99D4E441-2BF2-4F4C-AA0C-25211A3FACC1}.Release|x86.ActiveCfg = Release|iPhone
		{579B3FDB-CDAD-44E1-8417-885C38E49A0E}.Ad-Hoc|Any CPU.ActiveCfg = Release|Any CPU
		{579B3FDB-CDAD-44E1-8417-885C38E49A0E}.Ad-Hoc|Any CPU.Build.0 = Release|Any CPU
		{579B3FDB-CDAD-44E1-8417-885C38E49A0E}.Ad-Hoc|ARM.ActiveCfg = Release|Any CPU
		{579B3FDB-CDAD-44E1-8417-885C38E49A0E}.Ad-Hoc|iPhone.ActiveCfg = Release|Any CPU
		{579B3FDB-CDAD-44E1-8417-885C38E49A0E}.Ad-Hoc|iPhoneSimulator.ActiveCfg = Release|Any CPU
		{579B3FDB-CDAD-44E1-8417-885C38E49A0E}.Ad-Hoc|Mixed Platforms.ActiveCfg = Release|Any CPU
		{579B3FDB-CDAD-44E1-8417-885C38E49A0E}.Ad-Hoc|Mixed Platforms.Build.0 = Release|Any CPU
		{579B3FDB-CDAD-44E1-8417-885C38E49A0E}.Ad-Hoc|x64.ActiveCfg = Release|Any CPU
		{579B3FDB-CDAD-44E1-8417-885C38E49A0E}.Ad-Hoc|x86.ActiveCfg = Release|Any CPU
		{579B3FDB-CDAD-44E1-8417-885C38E49A0E}.AppStore|Any CPU.ActiveCfg = Release|Any CPU
		{579B3FDB-CDAD-44E1-8417-885C38E49A0E}.AppStore|Any CPU.Build.0 = Release|Any CPU
		{579B3FDB-CDAD-44E1-8417-885C38E49A0E}.AppStore|ARM.ActiveCfg = Release|Any CPU
		{579B3FDB-CDAD-44E1-8417-885C38E49A0E}.AppStore|iPhone.ActiveCfg = Release|Any CPU
		{579B3FDB-CDAD-44E1-8417-885C38E49A0E}.AppStore|iPhoneSimulator.ActiveCfg = Release|Any CPU
		{579B3FDB-CDAD-44E1-8417-885C38E49A0E}.AppStore|Mixed Platforms.ActiveCfg = Release|Any CPU
		{579B3FDB-CDAD-44E1-8417-885C38E49A0E}.AppStore|Mixed Platforms.Build.0 = Release|Any CPU
		{579B3FDB-CDAD-44E1-8417-885C38E49A0E}.AppStore|x64.ActiveCfg = Release|Any CPU
		{579B3FDB-CDAD-44E1-8417-885C38E49A0E}.AppStore|x86.ActiveCfg = Release|Any CPU
		{579B3FDB-CDAD-44E1-8417-885C38E49A0E}.Debug|Any CPU.ActiveCfg = Debug|Any CPU
		{579B3FDB-CDAD-44E1-8417-885C38E49A0E}.Debug|Any CPU.Build.0 = Debug|Any CPU
		{579B3FDB-CDAD-44E1-8417-885C38E49A0E}.Debug|ARM.ActiveCfg = Debug|Any CPU
		{579B3FDB-CDAD-44E1-8417-885C38E49A0E}.Debug|iPhone.ActiveCfg = Debug|Any CPU
		{579B3FDB-CDAD-44E1-8417-885C38E49A0E}.Debug|iPhoneSimulator.ActiveCfg = Debug|Any CPU
		{579B3FDB-CDAD-44E1-8417-885C38E49A0E}.Debug|Mixed Platforms.ActiveCfg = Debug|Any CPU
		{579B3FDB-CDAD-44E1-8417-885C38E49A0E}.Debug|Mixed Platforms.Build.0 = Debug|Any CPU
		{579B3FDB-CDAD-44E1-8417-885C38E49A0E}.Debug|x64.ActiveCfg = Debug|Any CPU
		{579B3FDB-CDAD-44E1-8417-885C38E49A0E}.Debug|x86.ActiveCfg = Debug|Any CPU
		{579B3FDB-CDAD-44E1-8417-885C38E49A0E}.Release|Any CPU.ActiveCfg = Release|Any CPU
		{579B3FDB-CDAD-44E1-8417-885C38E49A0E}.Release|Any CPU.Build.0 = Release|Any CPU
		{579B3FDB-CDAD-44E1-8417-885C38E49A0E}.Release|ARM.ActiveCfg = Release|Any CPU
		{579B3FDB-CDAD-44E1-8417-885C38E49A0E}.Release|iPhone.ActiveCfg = Release|Any CPU
		{579B3FDB-CDAD-44E1-8417-885C38E49A0E}.Release|iPhoneSimulator.ActiveCfg = Release|Any CPU
		{579B3FDB-CDAD-44E1-8417-885C38E49A0E}.Release|Mixed Platforms.ActiveCfg = Release|Any CPU
		{579B3FDB-CDAD-44E1-8417-885C38E49A0E}.Release|Mixed Platforms.Build.0 = Release|Any CPU
		{579B3FDB-CDAD-44E1-8417-885C38E49A0E}.Release|x64.ActiveCfg = Release|Any CPU
		{579B3FDB-CDAD-44E1-8417-885C38E49A0E}.Release|x86.ActiveCfg = Release|Any CPU
		{55942102-033A-4DA8-A6AF-1DB7B2F34A2D}.Ad-Hoc|Any CPU.ActiveCfg = Release|Any CPU
		{55942102-033A-4DA8-A6AF-1DB7B2F34A2D}.Ad-Hoc|Any CPU.Build.0 = Release|Any CPU
		{55942102-033A-4DA8-A6AF-1DB7B2F34A2D}.Ad-Hoc|ARM.ActiveCfg = Release|Any CPU
		{55942102-033A-4DA8-A6AF-1DB7B2F34A2D}.Ad-Hoc|iPhone.ActiveCfg = Release|Any CPU
		{55942102-033A-4DA8-A6AF-1DB7B2F34A2D}.Ad-Hoc|iPhoneSimulator.ActiveCfg = Release|Any CPU
		{55942102-033A-4DA8-A6AF-1DB7B2F34A2D}.Ad-Hoc|Mixed Platforms.ActiveCfg = Release|Any CPU
		{55942102-033A-4DA8-A6AF-1DB7B2F34A2D}.Ad-Hoc|Mixed Platforms.Build.0 = Release|Any CPU
		{55942102-033A-4DA8-A6AF-1DB7B2F34A2D}.Ad-Hoc|x64.ActiveCfg = Release|Any CPU
		{55942102-033A-4DA8-A6AF-1DB7B2F34A2D}.Ad-Hoc|x86.ActiveCfg = Release|Any CPU
		{55942102-033A-4DA8-A6AF-1DB7B2F34A2D}.AppStore|Any CPU.ActiveCfg = Release|Any CPU
		{55942102-033A-4DA8-A6AF-1DB7B2F34A2D}.AppStore|Any CPU.Build.0 = Release|Any CPU
		{55942102-033A-4DA8-A6AF-1DB7B2F34A2D}.AppStore|ARM.ActiveCfg = Release|Any CPU
		{55942102-033A-4DA8-A6AF-1DB7B2F34A2D}.AppStore|iPhone.ActiveCfg = Release|Any CPU
		{55942102-033A-4DA8-A6AF-1DB7B2F34A2D}.AppStore|iPhoneSimulator.ActiveCfg = Release|Any CPU
		{55942102-033A-4DA8-A6AF-1DB7B2F34A2D}.AppStore|Mixed Platforms.ActiveCfg = Release|Any CPU
		{55942102-033A-4DA8-A6AF-1DB7B2F34A2D}.AppStore|Mixed Platforms.Build.0 = Release|Any CPU
		{55942102-033A-4DA8-A6AF-1DB7B2F34A2D}.AppStore|x64.ActiveCfg = Release|Any CPU
		{55942102-033A-4DA8-A6AF-1DB7B2F34A2D}.AppStore|x86.ActiveCfg = Release|Any CPU
		{55942102-033A-4DA8-A6AF-1DB7B2F34A2D}.Debug|Any CPU.ActiveCfg = Debug|Any CPU
		{55942102-033A-4DA8-A6AF-1DB7B2F34A2D}.Debug|Any CPU.Build.0 = Debug|Any CPU
		{55942102-033A-4DA8-A6AF-1DB7B2F34A2D}.Debug|ARM.ActiveCfg = Debug|Any CPU
		{55942102-033A-4DA8-A6AF-1DB7B2F34A2D}.Debug|iPhone.ActiveCfg = Debug|Any CPU
		{55942102-033A-4DA8-A6AF-1DB7B2F34A2D}.Debug|iPhoneSimulator.ActiveCfg = Debug|Any CPU
		{55942102-033A-4DA8-A6AF-1DB7B2F34A2D}.Debug|Mixed Platforms.ActiveCfg = Debug|Any CPU
		{55942102-033A-4DA8-A6AF-1DB7B2F34A2D}.Debug|Mixed Platforms.Build.0 = Debug|Any CPU
		{55942102-033A-4DA8-A6AF-1DB7B2F34A2D}.Debug|x64.ActiveCfg = Debug|Any CPU
		{55942102-033A-4DA8-A6AF-1DB7B2F34A2D}.Debug|x86.ActiveCfg = Debug|Any CPU
		{55942102-033A-4DA8-A6AF-1DB7B2F34A2D}.Release|Any CPU.ActiveCfg = Release|Any CPU
		{55942102-033A-4DA8-A6AF-1DB7B2F34A2D}.Release|Any CPU.Build.0 = Release|Any CPU
		{55942102-033A-4DA8-A6AF-1DB7B2F34A2D}.Release|ARM.ActiveCfg = Release|Any CPU
		{55942102-033A-4DA8-A6AF-1DB7B2F34A2D}.Release|iPhone.ActiveCfg = Release|Any CPU
		{55942102-033A-4DA8-A6AF-1DB7B2F34A2D}.Release|iPhoneSimulator.ActiveCfg = Release|Any CPU
		{55942102-033A-4DA8-A6AF-1DB7B2F34A2D}.Release|Mixed Platforms.ActiveCfg = Release|Any CPU
		{55942102-033A-4DA8-A6AF-1DB7B2F34A2D}.Release|x64.ActiveCfg = Release|Any CPU
		{55942102-033A-4DA8-A6AF-1DB7B2F34A2D}.Release|x86.ActiveCfg = Release|Any CPU
		{891D214F-C5B2-46B7-B648-FB735612C1C9}.Ad-Hoc|Any CPU.ActiveCfg = Release|Any CPU
		{891D214F-C5B2-46B7-B648-FB735612C1C9}.Ad-Hoc|Any CPU.Build.0 = Release|Any CPU
		{891D214F-C5B2-46B7-B648-FB735612C1C9}.Ad-Hoc|ARM.ActiveCfg = Release|Any CPU
		{891D214F-C5B2-46B7-B648-FB735612C1C9}.Ad-Hoc|iPhone.ActiveCfg = Release|Any CPU
		{891D214F-C5B2-46B7-B648-FB735612C1C9}.Ad-Hoc|iPhoneSimulator.ActiveCfg = Release|Any CPU
		{891D214F-C5B2-46B7-B648-FB735612C1C9}.Ad-Hoc|Mixed Platforms.ActiveCfg = Release|Any CPU
		{891D214F-C5B2-46B7-B648-FB735612C1C9}.Ad-Hoc|Mixed Platforms.Build.0 = Release|Any CPU
		{891D214F-C5B2-46B7-B648-FB735612C1C9}.Ad-Hoc|x64.ActiveCfg = Release|Any CPU
		{891D214F-C5B2-46B7-B648-FB735612C1C9}.Ad-Hoc|x86.ActiveCfg = Release|Any CPU
		{891D214F-C5B2-46B7-B648-FB735612C1C9}.AppStore|Any CPU.ActiveCfg = Release|Any CPU
		{891D214F-C5B2-46B7-B648-FB735612C1C9}.AppStore|Any CPU.Build.0 = Release|Any CPU
		{891D214F-C5B2-46B7-B648-FB735612C1C9}.AppStore|ARM.ActiveCfg = Release|Any CPU
		{891D214F-C5B2-46B7-B648-FB735612C1C9}.AppStore|iPhone.ActiveCfg = Release|Any CPU
		{891D214F-C5B2-46B7-B648-FB735612C1C9}.AppStore|iPhoneSimulator.ActiveCfg = Release|Any CPU
		{891D214F-C5B2-46B7-B648-FB735612C1C9}.AppStore|Mixed Platforms.ActiveCfg = Release|Any CPU
		{891D214F-C5B2-46B7-B648-FB735612C1C9}.AppStore|Mixed Platforms.Build.0 = Release|Any CPU
		{891D214F-C5B2-46B7-B648-FB735612C1C9}.AppStore|x64.ActiveCfg = Release|Any CPU
		{891D214F-C5B2-46B7-B648-FB735612C1C9}.AppStore|x86.ActiveCfg = Release|Any CPU
		{891D214F-C5B2-46B7-B648-FB735612C1C9}.Debug|Any CPU.ActiveCfg = Debug|Any CPU
		{891D214F-C5B2-46B7-B648-FB735612C1C9}.Debug|Any CPU.Build.0 = Debug|Any CPU
		{891D214F-C5B2-46B7-B648-FB735612C1C9}.Debug|ARM.ActiveCfg = Debug|Any CPU
		{891D214F-C5B2-46B7-B648-FB735612C1C9}.Debug|iPhone.ActiveCfg = Debug|Any CPU
		{891D214F-C5B2-46B7-B648-FB735612C1C9}.Debug|iPhoneSimulator.ActiveCfg = Debug|Any CPU
		{891D214F-C5B2-46B7-B648-FB735612C1C9}.Debug|Mixed Platforms.ActiveCfg = Debug|Any CPU
		{891D214F-C5B2-46B7-B648-FB735612C1C9}.Debug|Mixed Platforms.Build.0 = Debug|Any CPU
		{891D214F-C5B2-46B7-B648-FB735612C1C9}.Debug|x64.ActiveCfg = Debug|Any CPU
		{891D214F-C5B2-46B7-B648-FB735612C1C9}.Debug|x86.ActiveCfg = Debug|Any CPU
		{891D214F-C5B2-46B7-B648-FB735612C1C9}.Release|Any CPU.ActiveCfg = Release|Any CPU
		{891D214F-C5B2-46B7-B648-FB735612C1C9}.Release|Any CPU.Build.0 = Release|Any CPU
		{891D214F-C5B2-46B7-B648-FB735612C1C9}.Release|ARM.ActiveCfg = Release|Any CPU
		{891D214F-C5B2-46B7-B648-FB735612C1C9}.Release|iPhone.ActiveCfg = Release|Any CPU
		{891D214F-C5B2-46B7-B648-FB735612C1C9}.Release|iPhoneSimulator.ActiveCfg = Release|Any CPU
		{891D214F-C5B2-46B7-B648-FB735612C1C9}.Release|Mixed Platforms.ActiveCfg = Release|Any CPU
		{891D214F-C5B2-46B7-B648-FB735612C1C9}.Release|Mixed Platforms.Build.0 = Release|Any CPU
		{891D214F-C5B2-46B7-B648-FB735612C1C9}.Release|x64.ActiveCfg = Release|Any CPU
		{891D214F-C5B2-46B7-B648-FB735612C1C9}.Release|x86.ActiveCfg = Release|Any CPU
		{1BD4BBF9-FDD7-4B2D-9AC3-9A1003205DC3}.Ad-Hoc|Any CPU.ActiveCfg = Release|Any CPU
		{1BD4BBF9-FDD7-4B2D-9AC3-9A1003205DC3}.Ad-Hoc|Any CPU.Build.0 = Release|Any CPU
		{1BD4BBF9-FDD7-4B2D-9AC3-9A1003205DC3}.Ad-Hoc|ARM.ActiveCfg = Release|Any CPU
		{1BD4BBF9-FDD7-4B2D-9AC3-9A1003205DC3}.Ad-Hoc|iPhone.ActiveCfg = Release|Any CPU
		{1BD4BBF9-FDD7-4B2D-9AC3-9A1003205DC3}.Ad-Hoc|iPhoneSimulator.ActiveCfg = Release|Any CPU
		{1BD4BBF9-FDD7-4B2D-9AC3-9A1003205DC3}.Ad-Hoc|Mixed Platforms.ActiveCfg = Release|Any CPU
		{1BD4BBF9-FDD7-4B2D-9AC3-9A1003205DC3}.Ad-Hoc|Mixed Platforms.Build.0 = Release|Any CPU
		{1BD4BBF9-FDD7-4B2D-9AC3-9A1003205DC3}.Ad-Hoc|x64.ActiveCfg = Release|Any CPU
		{1BD4BBF9-FDD7-4B2D-9AC3-9A1003205DC3}.Ad-Hoc|x86.ActiveCfg = Release|Any CPU
		{1BD4BBF9-FDD7-4B2D-9AC3-9A1003205DC3}.AppStore|Any CPU.ActiveCfg = Release|Any CPU
		{1BD4BBF9-FDD7-4B2D-9AC3-9A1003205DC3}.AppStore|Any CPU.Build.0 = Release|Any CPU
		{1BD4BBF9-FDD7-4B2D-9AC3-9A1003205DC3}.AppStore|ARM.ActiveCfg = Release|Any CPU
		{1BD4BBF9-FDD7-4B2D-9AC3-9A1003205DC3}.AppStore|iPhone.ActiveCfg = Release|Any CPU
		{1BD4BBF9-FDD7-4B2D-9AC3-9A1003205DC3}.AppStore|iPhoneSimulator.ActiveCfg = Release|Any CPU
		{1BD4BBF9-FDD7-4B2D-9AC3-9A1003205DC3}.AppStore|Mixed Platforms.ActiveCfg = Release|Any CPU
		{1BD4BBF9-FDD7-4B2D-9AC3-9A1003205DC3}.AppStore|Mixed Platforms.Build.0 = Release|Any CPU
		{1BD4BBF9-FDD7-4B2D-9AC3-9A1003205DC3}.AppStore|x64.ActiveCfg = Release|Any CPU
		{1BD4BBF9-FDD7-4B2D-9AC3-9A1003205DC3}.AppStore|x86.ActiveCfg = Release|Any CPU
		{1BD4BBF9-FDD7-4B2D-9AC3-9A1003205DC3}.Debug|Any CPU.ActiveCfg = Debug|Any CPU
		{1BD4BBF9-FDD7-4B2D-9AC3-9A1003205DC3}.Debug|Any CPU.Build.0 = Debug|Any CPU
		{1BD4BBF9-FDD7-4B2D-9AC3-9A1003205DC3}.Debug|ARM.ActiveCfg = Debug|Any CPU
		{1BD4BBF9-FDD7-4B2D-9AC3-9A1003205DC3}.Debug|iPhone.ActiveCfg = Debug|Any CPU
		{1BD4BBF9-FDD7-4B2D-9AC3-9A1003205DC3}.Debug|iPhoneSimulator.ActiveCfg = Debug|Any CPU
		{1BD4BBF9-FDD7-4B2D-9AC3-9A1003205DC3}.Debug|Mixed Platforms.ActiveCfg = Debug|Any CPU
		{1BD4BBF9-FDD7-4B2D-9AC3-9A1003205DC3}.Debug|Mixed Platforms.Build.0 = Debug|Any CPU
		{1BD4BBF9-FDD7-4B2D-9AC3-9A1003205DC3}.Debug|x64.ActiveCfg = Debug|Any CPU
		{1BD4BBF9-FDD7-4B2D-9AC3-9A1003205DC3}.Debug|x86.ActiveCfg = Debug|Any CPU
		{1BD4BBF9-FDD7-4B2D-9AC3-9A1003205DC3}.Release|Any CPU.ActiveCfg = Release|Any CPU
		{1BD4BBF9-FDD7-4B2D-9AC3-9A1003205DC3}.Release|Any CPU.Build.0 = Release|Any CPU
		{1BD4BBF9-FDD7-4B2D-9AC3-9A1003205DC3}.Release|ARM.ActiveCfg = Release|Any CPU
		{1BD4BBF9-FDD7-4B2D-9AC3-9A1003205DC3}.Release|iPhone.ActiveCfg = Release|Any CPU
		{1BD4BBF9-FDD7-4B2D-9AC3-9A1003205DC3}.Release|iPhoneSimulator.ActiveCfg = Release|Any CPU
		{1BD4BBF9-FDD7-4B2D-9AC3-9A1003205DC3}.Release|Mixed Platforms.ActiveCfg = Release|Any CPU
		{1BD4BBF9-FDD7-4B2D-9AC3-9A1003205DC3}.Release|Mixed Platforms.Build.0 = Release|Any CPU
		{1BD4BBF9-FDD7-4B2D-9AC3-9A1003205DC3}.Release|x64.ActiveCfg = Release|Any CPU
		{1BD4BBF9-FDD7-4B2D-9AC3-9A1003205DC3}.Release|x86.ActiveCfg = Release|Any CPU
		{B591244F-3E4A-4FB9-9E5F-FB466356F710}.Ad-Hoc|Any CPU.ActiveCfg = Ad-Hoc|iPhone
		{B591244F-3E4A-4FB9-9E5F-FB466356F710}.Ad-Hoc|ARM.ActiveCfg = Ad-Hoc|iPhone
		{B591244F-3E4A-4FB9-9E5F-FB466356F710}.Ad-Hoc|iPhone.ActiveCfg = Ad-Hoc|iPhone
		{B591244F-3E4A-4FB9-9E5F-FB466356F710}.Ad-Hoc|iPhone.Build.0 = Ad-Hoc|iPhone
		{B591244F-3E4A-4FB9-9E5F-FB466356F710}.Ad-Hoc|iPhoneSimulator.ActiveCfg = Ad-Hoc|iPhoneSimulator
		{B591244F-3E4A-4FB9-9E5F-FB466356F710}.Ad-Hoc|iPhoneSimulator.Build.0 = Ad-Hoc|iPhoneSimulator
		{B591244F-3E4A-4FB9-9E5F-FB466356F710}.Ad-Hoc|Mixed Platforms.ActiveCfg = Ad-Hoc|iPhone
		{B591244F-3E4A-4FB9-9E5F-FB466356F710}.Ad-Hoc|Mixed Platforms.Build.0 = Ad-Hoc|iPhone
		{B591244F-3E4A-4FB9-9E5F-FB466356F710}.Ad-Hoc|x64.ActiveCfg = Ad-Hoc|iPhone
		{B591244F-3E4A-4FB9-9E5F-FB466356F710}.Ad-Hoc|x86.ActiveCfg = Ad-Hoc|iPhone
		{B591244F-3E4A-4FB9-9E5F-FB466356F710}.AppStore|Any CPU.ActiveCfg = AppStore|iPhone
		{B591244F-3E4A-4FB9-9E5F-FB466356F710}.AppStore|ARM.ActiveCfg = AppStore|iPhone
		{B591244F-3E4A-4FB9-9E5F-FB466356F710}.AppStore|iPhone.ActiveCfg = AppStore|iPhone
		{B591244F-3E4A-4FB9-9E5F-FB466356F710}.AppStore|iPhone.Build.0 = AppStore|iPhone
		{B591244F-3E4A-4FB9-9E5F-FB466356F710}.AppStore|iPhoneSimulator.ActiveCfg = AppStore|iPhoneSimulator
		{B591244F-3E4A-4FB9-9E5F-FB466356F710}.AppStore|iPhoneSimulator.Build.0 = AppStore|iPhoneSimulator
		{B591244F-3E4A-4FB9-9E5F-FB466356F710}.AppStore|Mixed Platforms.ActiveCfg = AppStore|iPhone
		{B591244F-3E4A-4FB9-9E5F-FB466356F710}.AppStore|Mixed Platforms.Build.0 = AppStore|iPhone
		{B591244F-3E4A-4FB9-9E5F-FB466356F710}.AppStore|x64.ActiveCfg = AppStore|iPhone
		{B591244F-3E4A-4FB9-9E5F-FB466356F710}.AppStore|x86.ActiveCfg = AppStore|iPhone
		{B591244F-3E4A-4FB9-9E5F-FB466356F710}.Debug|Any CPU.ActiveCfg = Debug|iPhone
		{B591244F-3E4A-4FB9-9E5F-FB466356F710}.Debug|ARM.ActiveCfg = Debug|iPhone
		{B591244F-3E4A-4FB9-9E5F-FB466356F710}.Debug|iPhone.ActiveCfg = Debug|iPhone
		{B591244F-3E4A-4FB9-9E5F-FB466356F710}.Debug|iPhone.Build.0 = Debug|iPhone
		{B591244F-3E4A-4FB9-9E5F-FB466356F710}.Debug|iPhoneSimulator.ActiveCfg = Debug|iPhoneSimulator
		{B591244F-3E4A-4FB9-9E5F-FB466356F710}.Debug|iPhoneSimulator.Build.0 = Debug|iPhoneSimulator
		{B591244F-3E4A-4FB9-9E5F-FB466356F710}.Debug|Mixed Platforms.ActiveCfg = Debug|iPhone
		{B591244F-3E4A-4FB9-9E5F-FB466356F710}.Debug|Mixed Platforms.Build.0 = Debug|iPhone
		{B591244F-3E4A-4FB9-9E5F-FB466356F710}.Debug|x64.ActiveCfg = Debug|iPhone
		{B591244F-3E4A-4FB9-9E5F-FB466356F710}.Debug|x86.ActiveCfg = Debug|iPhone
		{B591244F-3E4A-4FB9-9E5F-FB466356F710}.Release|Any CPU.ActiveCfg = Release|iPhone
		{B591244F-3E4A-4FB9-9E5F-FB466356F710}.Release|ARM.ActiveCfg = Release|iPhone
		{B591244F-3E4A-4FB9-9E5F-FB466356F710}.Release|iPhone.ActiveCfg = Release|iPhone
		{B591244F-3E4A-4FB9-9E5F-FB466356F710}.Release|iPhone.Build.0 = Release|iPhone
		{B591244F-3E4A-4FB9-9E5F-FB466356F710}.Release|iPhoneSimulator.ActiveCfg = Release|iPhoneSimulator
		{B591244F-3E4A-4FB9-9E5F-FB466356F710}.Release|iPhoneSimulator.Build.0 = Release|iPhoneSimulator
		{B591244F-3E4A-4FB9-9E5F-FB466356F710}.Release|Mixed Platforms.ActiveCfg = Release|iPhone
		{B591244F-3E4A-4FB9-9E5F-FB466356F710}.Release|Mixed Platforms.Build.0 = Release|iPhone
		{B591244F-3E4A-4FB9-9E5F-FB466356F710}.Release|x64.ActiveCfg = Release|iPhone
		{B591244F-3E4A-4FB9-9E5F-FB466356F710}.Release|x86.ActiveCfg = Release|iPhone
	EndGlobalSection
	GlobalSection(SolutionProperties) = preSolution
		HideSolutionNode = FALSE
	EndGlobalSection
	GlobalSection(NestedProjects) = preSolution
		{CE712EAF-E5E8-462B-A6CB-4035A39305CB} = {CBA02F6A-2C0C-4A3C-9CBD-61BE51C191D6}
		{891D214F-C5B2-46B7-B648-FB735612C1C9} = {CBA02F6A-2C0C-4A3C-9CBD-61BE51C191D6}
		{1BD4BBF9-FDD7-4B2D-9AC3-9A1003205DC3} = {CBA02F6A-2C0C-4A3C-9CBD-61BE51C191D6}
		{2FC501AE-E06B-42CB-9188-07BAC1C86453} = {F75A4378-431C-4AC1-A61A-FE3362B78590}
		{C2B06B5C-6D70-4160-8DBE-5FEBE293F274} = {F75A4378-431C-4AC1-A61A-FE3362B78590}
		{7BA60DEE-7283-44BA-9BB7-53A797F19499} = {F75A4378-431C-4AC1-A61A-FE3362B78590}
		{99D4E441-2BF2-4F4C-AA0C-25211A3FACC1} = {F75A4378-431C-4AC1-A61A-FE3362B78590}
		{20837D3A-FD17-4867-B242-00523A9252D4} = {B67DDA96-CB5E-474B-9FC0-3139EFAEC1FE}
		{F2A56C90-22D5-40CE-929B-38E04A708A1B} = {B67DDA96-CB5E-474B-9FC0-3139EFAEC1FE}
		{579491A6-C4C9-4A2A-8940-204279B74413} = {B67DDA96-CB5E-474B-9FC0-3139EFAEC1FE}
		{3F246BD3-8D56-43AC-84AD-681371A9D6A9} = {B67DDA96-CB5E-474B-9FC0-3139EFAEC1FE}
		{B591244F-3E4A-4FB9-9E5F-FB466356F710} = {B67DDA96-CB5E-474B-9FC0-3139EFAEC1FE}
	EndGlobalSection
EndGlobal
