
Microsoft Visual Studio Solution File, Format Version 10.00
# Visual Studio 2008
Project("{FAE04EC0-301F-11D3-BF4B-00C04F79EFBC}") = "@ServiceNamespace@.Logic", "@ServiceNamespace@.Logic\@ServiceNamespace@.Logic.csproj", "{D790576E-D211-42B8-8D7C-A51FD4A76D4B}"
EndProject
Project("{FAE04EC0-301F-11D3-BF4B-00C04F79EFBC}") = "@ServiceNamespace@.DataAccess", "@ServiceNamespace@.DataAccess\@ServiceNamespace@.DataAccess.csproj", "{D8429EA2-F05E-450B-9A96-B8305E3E4D78}"
EndProject
Project("{FAE04EC0-301F-11D3-BF4B-00C04F79EFBC}") = "@DomainModelNamespace@", "..\@DomainModelNamespace@\@DomainModelNamespace@.csproj", "{1630A8AD-D745-4470-8692-8F53E553E319}"
EndProject
Project("{2150E333-8FDC-42A3-9474-1A3956D46DE8}") = "Lib", "Lib", "{B3740A7C-77BF-4DAB-8A08-116B797C8373}"
	ProjectSection(SolutionItems) = preProject
		Lib\_get-latest-libs.bat = Lib\_get-latest-libs.bat
		Lib\Castle.Core.dll = Lib\Castle.Core.dll
		Lib\Castle.Core.xml = Lib\Castle.Core.xml
		Lib\Castle.DynamicProxy.license.txt = Lib\Castle.DynamicProxy.license.txt
		Lib\Castle.DynamicProxy2.dll = Lib\Castle.DynamicProxy2.dll
		Lib\Castle.DynamicProxy2.xml = Lib\Castle.DynamicProxy2.xml
		Lib\Enyim.Caching.dll = Lib\Enyim.Caching.dll
		Lib\Iesi.Collections.dll = Lib\Iesi.Collections.dll
		Lib\Iesi.Collections.xml = Lib\Iesi.Collections.xml
		Lib\log4net.dll = Lib\log4net.dll
		Lib\log4net.xml = Lib\log4net.xml
		Lib\MemcachedProviders.dll = Lib\MemcachedProviders.dll
		Lib\Moq.dll = Lib\Moq.dll
		Lib\Moq.pdb = Lib\Moq.pdb
		Lib\Moq.xml = Lib\Moq.xml
		Lib\MySql.Data.dll = Lib\MySql.Data.dll
		Lib\NHibernate.dll = Lib\NHibernate.dll
		Lib\NHibernate.xml = Lib\NHibernate.xml
		Lib\nunit.framework.dll = Lib\nunit.framework.dll
		Lib\nunit.framework.extensions.dll = Lib\nunit.framework.extensions.dll
		Lib\nunit.framework.xml = Lib\nunit.framework.xml
		Lib\Platform.dll = Lib\Platform.dll
	EndProjectSection
EndProject
Project("{FAE04EC0-301F-11D3-BF4B-00C04F79EFBC}") = "@ServiceNamespace@.ServiceInterface", "@ServiceNamespace@.ServiceInterface\@ServiceNamespace@.ServiceInterface.csproj", "{5C528394-32F9-49DE-9D3C-B91281BF2C11}"
EndProject
Project("{FAE04EC0-301F-11D3-BF4B-00C04F79EFBC}") = "@ServiceNamespace@.Tests", "@ServiceNamespace@.Tests\@ServiceNamespace@.Tests.csproj", "{F72A9857-7E81-4069-893E-8554C76A9273}"
EndProject
Project("{FAE04EC0-301F-11D3-BF4B-00C04F79EFBC}") = "@ServiceNamespace@.Tests.Integration", "@ServiceNamespace@.Tests.Integration\@ServiceNamespace@.Tests.Integration.csproj", "{D0C2806A-E56A-4FAF-BAC6-49519FF97703}"
EndProject
Project("{FAE04EC0-301F-11D3-BF4B-00C04F79EFBC}") = "@ServiceNamespace@.Host.WebService", "@ServiceNamespace@.Host.WebService\@ServiceNamespace@.Host.WebService.csproj", "{FAD3B057-C2E7-4FC1-8E89-ABA9B0062DDD}"
EndProject
Project("{2150E333-8FDC-42A3-9474-1A3956D46DE8}") = "Solution Items", "Solution Items", "{C8E2B906-6CC0-4C02-BC78-920D9988DC07}"
	ProjectSection(SolutionItems) = preProject
		BuildFile.xml = BuildFile.xml
	EndProjectSection
EndProject
Project("{FAE04EC0-301F-11D3-BF4B-00C04F79EFBC}") = "@ServiceModelNamespace@", "..\@ServiceModelNamespace@\@ServiceModelNamespace@.csproj", "{3D632C36-384A-47BF-A58A-8DAC24593D69}"
EndProject
Project("{FAE04EC0-301F-11D3-BF4B-00C04F79EFBC}") = "Ddn.Common.DesignPatterns", "..\Common\Ddn.Common\Ddn.Common.DesignPatterns\Ddn.Common.DesignPatterns.csproj", "{233A8EB3-9945-40CE-8C17-BA4FE46D6D16}"
EndProject
Project("{FAE04EC0-301F-11D3-BF4B-00C04F79EFBC}") = "Ddn.Common.Services", "..\Common\Ddn.Common\Ddn.Common.Services\Ddn.Common.Services.csproj", "{19B65E90-CB9F-4EE1-AC22-BA697C40C323}"
EndProject
Project("{FAE04EC0-301F-11D3-BF4B-00C04F79EFBC}") = "Ddn.Common.Testing", "..\Common\Ddn.Common\Ddn.Common.Testing\Ddn.Common.Testing.csproj", "{5F5FF25F-C1AC-425B-A4C6-5D0A0A5BB286}"
EndProject
Project("{FAE04EC0-301F-11D3-BF4B-00C04F79EFBC}") = "Utopia.Common", "..\Utopia.Common\Utopia.Common.csproj", "{AF3025D3-5729-456D-A7F1-4D7079D01F85}"
EndProject
Project("{FAE04EC0-301F-11D3-BF4B-00C04F79EFBC}") = "@ServiceModelNamespace@Translators", "..\@ServiceModelNamespace@Translators\@ServiceModelNamespace@Translators.csproj", "{1C891109-F7ED-43B5-9463-8090A4620377}"
EndProject
Global
	GlobalSection(SolutionConfigurationPlatforms) = preSolution
		Debug|Any CPU = Debug|Any CPU
		Release|Any CPU = Release|Any CPU
	EndGlobalSection
	GlobalSection(ProjectConfigurationPlatforms) = postSolution
		{D790576E-D211-42B8-8D7C-A51FD4A76D4B}.Debug|Any CPU.ActiveCfg = Debug|Any CPU
		{D790576E-D211-42B8-8D7C-A51FD4A76D4B}.Debug|Any CPU.Build.0 = Debug|Any CPU
		{D790576E-D211-42B8-8D7C-A51FD4A76D4B}.Release|Any CPU.ActiveCfg = Release|Any CPU
		{D790576E-D211-42B8-8D7C-A51FD4A76D4B}.Release|Any CPU.Build.0 = Release|Any CPU
		{D8429EA2-F05E-450B-9A96-B8305E3E4D78}.Debug|Any CPU.ActiveCfg = Debug|Any CPU
		{D8429EA2-F05E-450B-9A96-B8305E3E4D78}.Debug|Any CPU.Build.0 = Debug|Any CPU
		{D8429EA2-F05E-450B-9A96-B8305E3E4D78}.Release|Any CPU.ActiveCfg = Release|Any CPU
		{D8429EA2-F05E-450B-9A96-B8305E3E4D78}.Release|Any CPU.Build.0 = Release|Any CPU
		{1630A8AD-D745-4470-8692-8F53E553E319}.Debug|Any CPU.ActiveCfg = Debug|Any CPU
		{1630A8AD-D745-4470-8692-8F53E553E319}.Debug|Any CPU.Build.0 = Debug|Any CPU
		{1630A8AD-D745-4470-8692-8F53E553E319}.Release|Any CPU.ActiveCfg = Release|Any CPU
		{1630A8AD-D745-4470-8692-8F53E553E319}.Release|Any CPU.Build.0 = Release|Any CPU
		{5C528394-32F9-49DE-9D3C-B91281BF2C11}.Debug|Any CPU.ActiveCfg = Debug|Any CPU
		{5C528394-32F9-49DE-9D3C-B91281BF2C11}.Debug|Any CPU.Build.0 = Debug|Any CPU
		{5C528394-32F9-49DE-9D3C-B91281BF2C11}.Release|Any CPU.ActiveCfg = Release|Any CPU
		{5C528394-32F9-49DE-9D3C-B91281BF2C11}.Release|Any CPU.Build.0 = Release|Any CPU
		{F72A9857-7E81-4069-893E-8554C76A9273}.Debug|Any CPU.ActiveCfg = Debug|Any CPU
		{F72A9857-7E81-4069-893E-8554C76A9273}.Debug|Any CPU.Build.0 = Debug|Any CPU
		{F72A9857-7E81-4069-893E-8554C76A9273}.Release|Any CPU.ActiveCfg = Release|Any CPU
		{F72A9857-7E81-4069-893E-8554C76A9273}.Release|Any CPU.Build.0 = Release|Any CPU
		{D0C2806A-E56A-4FAF-BAC6-49519FF97703}.Debug|Any CPU.ActiveCfg = Debug|Any CPU
		{D0C2806A-E56A-4FAF-BAC6-49519FF97703}.Debug|Any CPU.Build.0 = Debug|Any CPU
		{D0C2806A-E56A-4FAF-BAC6-49519FF97703}.Release|Any CPU.ActiveCfg = Release|Any CPU
		{D0C2806A-E56A-4FAF-BAC6-49519FF97703}.Release|Any CPU.Build.0 = Release|Any CPU
		{FAD3B057-C2E7-4FC1-8E89-ABA9B0062DDD}.Debug|Any CPU.ActiveCfg = Debug|Any CPU
		{FAD3B057-C2E7-4FC1-8E89-ABA9B0062DDD}.Debug|Any CPU.Build.0 = Debug|Any CPU
		{FAD3B057-C2E7-4FC1-8E89-ABA9B0062DDD}.Release|Any CPU.ActiveCfg = Release|Any CPU
		{FAD3B057-C2E7-4FC1-8E89-ABA9B0062DDD}.Release|Any CPU.Build.0 = Release|Any CPU
		{A90D34A1-86D0-4A50-BE12-EEDDA34609D8}.Debug|Any CPU.ActiveCfg = Debug|Any CPU
		{A90D34A1-86D0-4A50-BE12-EEDDA34609D8}.Debug|Any CPU.Build.0 = Debug|Any CPU
		{A90D34A1-86D0-4A50-BE12-EEDDA34609D8}.Release|Any CPU.ActiveCfg = Release|Any CPU
		{A90D34A1-86D0-4A50-BE12-EEDDA34609D8}.Release|Any CPU.Build.0 = Release|Any CPU
		{3D632C36-384A-47BF-A58A-8DAC24593D69}.Debug|Any CPU.ActiveCfg = Debug|Any CPU
		{3D632C36-384A-47BF-A58A-8DAC24593D69}.Debug|Any CPU.Build.0 = Debug|Any CPU
		{3D632C36-384A-47BF-A58A-8DAC24593D69}.Release|Any CPU.ActiveCfg = Release|Any CPU
		{3D632C36-384A-47BF-A58A-8DAC24593D69}.Release|Any CPU.Build.0 = Release|Any CPU
		{E498E569-9482-4FE2-B84B-8FDA8B8741FF}.Debug|Any CPU.ActiveCfg = Debug|Any CPU
		{E498E569-9482-4FE2-B84B-8FDA8B8741FF}.Debug|Any CPU.Build.0 = Debug|Any CPU
		{E498E569-9482-4FE2-B84B-8FDA8B8741FF}.Release|Any CPU.ActiveCfg = Release|Any CPU
		{E498E569-9482-4FE2-B84B-8FDA8B8741FF}.Release|Any CPU.Build.0 = Release|Any CPU
		{233A8EB3-9945-40CE-8C17-BA4FE46D6D16}.Debug|Any CPU.ActiveCfg = Debug|Any CPU
		{233A8EB3-9945-40CE-8C17-BA4FE46D6D16}.Debug|Any CPU.Build.0 = Debug|Any CPU
		{233A8EB3-9945-40CE-8C17-BA4FE46D6D16}.Release|Any CPU.ActiveCfg = Release|Any CPU
		{233A8EB3-9945-40CE-8C17-BA4FE46D6D16}.Release|Any CPU.Build.0 = Release|Any CPU
		{19B65E90-CB9F-4EE1-AC22-BA697C40C323}.Debug|Any CPU.ActiveCfg = Debug|Any CPU
		{19B65E90-CB9F-4EE1-AC22-BA697C40C323}.Debug|Any CPU.Build.0 = Debug|Any CPU
		{19B65E90-CB9F-4EE1-AC22-BA697C40C323}.Release|Any CPU.ActiveCfg = Release|Any CPU
		{19B65E90-CB9F-4EE1-AC22-BA697C40C323}.Release|Any CPU.Build.0 = Release|Any CPU
		{5F5FF25F-C1AC-425B-A4C6-5D0A0A5BB286}.Debug|Any CPU.ActiveCfg = Debug|Any CPU
		{5F5FF25F-C1AC-425B-A4C6-5D0A0A5BB286}.Debug|Any CPU.Build.0 = Debug|Any CPU
		{5F5FF25F-C1AC-425B-A4C6-5D0A0A5BB286}.Release|Any CPU.ActiveCfg = Release|Any CPU
		{5F5FF25F-C1AC-425B-A4C6-5D0A0A5BB286}.Release|Any CPU.Build.0 = Release|Any CPU
		{AF3025D3-5729-456D-A7F1-4D7079D01F85}.Debug|Any CPU.ActiveCfg = Debug|Any CPU
		{AF3025D3-5729-456D-A7F1-4D7079D01F85}.Debug|Any CPU.Build.0 = Debug|Any CPU
		{AF3025D3-5729-456D-A7F1-4D7079D01F85}.Release|Any CPU.ActiveCfg = Release|Any CPU
		{AF3025D3-5729-456D-A7F1-4D7079D01F85}.Release|Any CPU.Build.0 = Release|Any CPU
		{1C891109-F7ED-43B5-9463-8090A4620377}.Debug|Any CPU.ActiveCfg = Debug|Any CPU
		{1C891109-F7ED-43B5-9463-8090A4620377}.Debug|Any CPU.Build.0 = Debug|Any CPU
		{1C891109-F7ED-43B5-9463-8090A4620377}.Release|Any CPU.ActiveCfg = Release|Any CPU
		{1C891109-F7ED-43B5-9463-8090A4620377}.Release|Any CPU.Build.0 = Release|Any CPU
	EndGlobalSection
	GlobalSection(SolutionProperties) = preSolution
		HideSolutionNode = FALSE
	EndGlobalSection
EndGlobal
