
Microsoft Visual Studio Solution File, Format Version 12.00
# Visual Studio Version 17
VisualStudioVersion = 17.0.31903.59
MinimumVisualStudioVersion = 10.0.40219.1
Project("{9A19103F-16F7-4668-BE54-9A1E7A4F7556}") = "ServiceStack.Blazor", "ServiceStack.Blazor.csproj", "{1B448927-17B5-4AE8-B2C9-9FF3A8E20F4B}"
EndProject
Project("{9A19103F-16F7-4668-BE54-9A1E7A4F7556}") = "ServiceStack.HttpClient", "..\ServiceStack.HttpClient\ServiceStack.HttpClient.csproj", "{384CDE9C-202A-4EA8-9220-186F94A7074E}"
EndProject
Project("{9A19103F-16F7-4668-BE54-9A1E7A4F7556}") = "ServiceStack.Client", "..\ServiceStack.Client\ServiceStack.Client.csproj", "{F6DF8538-300C-48CF-AF6B-F4756D928050}"
EndProject
Project("{9A19103F-16F7-4668-BE54-9A1E7A4F7556}") = "ServiceStack.Interfaces", "..\ServiceStack.Interfaces\ServiceStack.Interfaces.csproj", "{47EF9517-3B83-4F8F-A7D7-8C4A1F8B911F}"
EndProject
Global
	GlobalSection(SolutionConfigurationPlatforms) = preSolution
		Debug|Any CPU = Debug|Any CPU
		Release|Any CPU = Release|Any CPU
	EndGlobalSection
	GlobalSection(ProjectConfigurationPlatforms) = postSolution
		{1B448927-17B5-4AE8-B2C9-9FF3A8E20F4B}.Debug|Any CPU.ActiveCfg = Debug|Any CPU
		{1B448927-17B5-4AE8-B2C9-9FF3A8E20F4B}.Debug|Any CPU.Build.0 = Debug|Any CPU
		{1B448927-17B5-4AE8-B2C9-9FF3A8E20F4B}.Release|Any CPU.ActiveCfg = Release|Any CPU
		{1B448927-17B5-4AE8-B2C9-9FF3A8E20F4B}.Release|Any CPU.Build.0 = Release|Any CPU
		{384CDE9C-202A-4EA8-9220-186F94A7074E}.Debug|Any CPU.ActiveCfg = Debug|Any CPU
		{384CDE9C-202A-4EA8-9220-186F94A7074E}.Debug|Any CPU.Build.0 = Debug|Any CPU
		{384CDE9C-202A-4EA8-9220-186F94A7074E}.Release|Any CPU.ActiveCfg = Release|Any CPU
		{384CDE9C-202A-4EA8-9220-186F94A7074E}.Release|Any CPU.Build.0 = Release|Any CPU
		{F6DF8538-300C-48CF-AF6B-F4756D928050}.Debug|Any CPU.ActiveCfg = Debug|Any CPU
		{F6DF8538-300C-48CF-AF6B-F4756D928050}.Debug|Any CPU.Build.0 = Debug|Any CPU
		{F6DF8538-300C-48CF-AF6B-F4756D928050}.Release|Any CPU.ActiveCfg = Release|Any CPU
		{F6DF8538-300C-48CF-AF6B-F4756D928050}.Release|Any CPU.Build.0 = Release|Any CPU
		{47EF9517-3B83-4F8F-A7D7-8C4A1F8B911F}.Debug|Any CPU.ActiveCfg = Debug|Any CPU
		{47EF9517-3B83-4F8F-A7D7-8C4A1F8B911F}.Debug|Any CPU.Build.0 = Debug|Any CPU
		{47EF9517-3B83-4F8F-A7D7-8C4A1F8B911F}.Release|Any CPU.ActiveCfg = Release|Any CPU
		{47EF9517-3B83-4F8F-A7D7-8C4A1F8B911F}.Release|Any CPU.Build.0 = Release|Any CPU
	EndGlobalSection
	GlobalSection(SolutionProperties) = preSolution
		HideSolutionNode = FALSE
	EndGlobalSection
	GlobalSection(ExtensibilityGlobals) = postSolution
		SolutionGuid = {3B375F33-2183-4974-AFDD-BC4605FAF5D6}
	EndGlobalSection
EndGlobal
